// !$*UTF8*$!
{
	archiveVersion = 1;
	classes = {
	};
	objectVersion = 56;
	objects = {

/* Begin PBXBuildFile section */
		A00B66C72BE9389500F5CA7F /* SizeConstants.swift in Sources */ = {isa = PBXBuildFile; fileRef = A00B66C62BE9389500F5CA7F /* SizeConstants.swift */; };
		A00B66CA2BE949A500F5CA7F /* MockData.swift in Sources */ = {isa = PBXBuildFile; fileRef = A00B66C92BE949A500F5CA7F /* MockData.swift */; };
		A00B66CD2BEC04C300F5CA7F /* DummyCardStackView.swift in Sources */ = {isa = PBXBuildFile; fileRef = A00B66CC2BEC04C300F5CA7F /* DummyCardStackView.swift */; };
		A00B66CF2BEC051600F5CA7F /* DummyCardView.swift in Sources */ = {isa = PBXBuildFile; fileRef = A00B66CE2BEC051600F5CA7F /* DummyCardView.swift */; };
		A00B66D12BEC072400F5CA7F /* DummyCardsViewModel.swift in Sources */ = {isa = PBXBuildFile; fileRef = A00B66D02BEC072400F5CA7F /* DummyCardsViewModel.swift */; };
		A00B66D82BEC07D800F5CA7F /* DummyCardService.swift in Sources */ = {isa = PBXBuildFile; fileRef = A00B66D72BEC07D800F5CA7F /* DummyCardService.swift */; };
		A00B66DA2BEC080B00F5CA7F /* DummyCardModel.swift in Sources */ = {isa = PBXBuildFile; fileRef = A00B66D92BEC080B00F5CA7F /* DummyCardModel.swift */; };
		A00B66DC2BEC083E00F5CA7F /* DummyItem.swift in Sources */ = {isa = PBXBuildFile; fileRef = A00B66DB2BEC083E00F5CA7F /* DummyItem.swift */; };
		A00B66DF2BEC0B2B00F5CA7F /* StatEmptyView.swift in Sources */ = {isa = PBXBuildFile; fileRef = A00B66DE2BEC0B2B00F5CA7F /* StatEmptyView.swift */; };
		A0143AD32C062D7700AD7FBC /* TagCloudItem.swift in Sources */ = {isa = PBXBuildFile; fileRef = A0143AD22C062D7700AD7FBC /* TagCloudItem.swift */; };
		A0143AD52C062DB900AD7FBC /* TagCloudViewModel.swift in Sources */ = {isa = PBXBuildFile; fileRef = A0143AD42C062DB900AD7FBC /* TagCloudViewModel.swift */; };
		A014EA772C3F1C2E00FDA248 /* CropView.swift in Sources */ = {isa = PBXBuildFile; fileRef = A0D678B02C1B542700CF5717 /* CropView.swift */; };
		A014EA7A2C40086300FDA248 /* PhotoLibraryService.swift in Sources */ = {isa = PBXBuildFile; fileRef = A014EA792C40086300FDA248 /* PhotoLibraryService.swift */; };
		A01BCECD2BD0655C00C35EA6 /* Period.swift in Sources */ = {isa = PBXBuildFile; fileRef = A01BCECC2BD0655C00C35EA6 /* Period.swift */; };
		A01D2A742BB4C4CA00AE1790 /* ListRowView.swift in Sources */ = {isa = PBXBuildFile; fileRef = A01D2A732BB4C4CA00AE1790 /* ListRowView.swift */; };
		A01D2A762BB4C78800AE1790 /* FilterView.swift in Sources */ = {isa = PBXBuildFile; fileRef = A01D2A752BB4C78800AE1790 /* FilterView.swift */; };
		A01D2A7A2BB9D6DD00AE1790 /* InfoView.swift in Sources */ = {isa = PBXBuildFile; fileRef = A01D2A792BB9D6DD00AE1790 /* InfoView.swift */; };
		A01E189C2BA3211000A03412 /* QuadraApp.swift in Sources */ = {isa = PBXBuildFile; fileRef = A01E189B2BA3211000A03412 /* QuadraApp.swift */; };
		A01E189E2BA3211000A03412 /* ContentView.swift in Sources */ = {isa = PBXBuildFile; fileRef = A01E189D2BA3211000A03412 /* ContentView.swift */; };
		A01E18A02BA3211300A03412 /* Assets.xcassets in Resources */ = {isa = PBXBuildFile; fileRef = A01E189F2BA3211300A03412 /* Assets.xcassets */; };
		A01E18A32BA3211300A03412 /* Preview Assets.xcassets in Resources */ = {isa = PBXBuildFile; fileRef = A01E18A22BA3211300A03412 /* Preview Assets.xcassets */; };
		A01E18A52BA3211300A03412 /* DataController.swift in Sources */ = {isa = PBXBuildFile; fileRef = A01E18A42BA3211300A03412 /* DataController.swift */; };
		A01E18A82BA3211300A03412 /* Quadra.xcdatamodeld in Sources */ = {isa = PBXBuildFile; fileRef = A01E18A62BA3211300A03412 /* Quadra.xcdatamodeld */; };
		A01E18BD2BA32F9E00A03412 /* ListView.swift in Sources */ = {isa = PBXBuildFile; fileRef = A01E18BC2BA32F9E00A03412 /* ListView.swift */; };
		A01E18C22BA334F600A03412 /* Card+Ext.swift in Sources */ = {isa = PBXBuildFile; fileRef = A01E18C12BA334F600A03412 /* Card+Ext.swift */; };
		A01E18C82BA7179800A03412 /* View+Ext.swift in Sources */ = {isa = PBXBuildFile; fileRef = A01E18C72BA7179800A03412 /* View+Ext.swift */; };
		A01E18CA2BA71C4700A03412 /* TransparentButtonStyle.swift in Sources */ = {isa = PBXBuildFile; fileRef = A01E18C92BA71C4700A03412 /* TransparentButtonStyle.swift */; };
		A01E18CC2BA72BAB00A03412 /* SwipeableCardView.swift in Sources */ = {isa = PBXBuildFile; fileRef = A01E18CB2BA72BAB00A03412 /* SwipeableCardView.swift */; };
		A01E18CE2BA7398200A03412 /* Color+Ext.swift in Sources */ = {isa = PBXBuildFile; fileRef = A01E18CD2BA7398200A03412 /* Color+Ext.swift */; };
		A01E18ED2BA78DD000A03412 /* SetupCardView.swift in Sources */ = {isa = PBXBuildFile; fileRef = A01E18EC2BA78DD000A03412 /* SetupCardView.swift */; };
		A023FEEE2BAA216800FAB13C /* TagCloudView.swift in Sources */ = {isa = PBXBuildFile; fileRef = A023FEED2BAA216800FAB13C /* TagCloudView.swift */; };
		A023FEF02BAA22ED00FAB13C /* SelectableTagView.swift in Sources */ = {isa = PBXBuildFile; fileRef = A023FEEF2BAA22ED00FAB13C /* SelectableTagView.swift */; };
		A023FEF22BAB0EA400FAB13C /* NeuTextFIeldStyle.swift in Sources */ = {isa = PBXBuildFile; fileRef = A023FEF12BAB0EA400FAB13C /* NeuTextFIeldStyle.swift */; };
		A023FEF42BAB114B00FAB13C /* AlignableTransparentButton.swift in Sources */ = {isa = PBXBuildFile; fileRef = A023FEF32BAB114B00FAB13C /* AlignableTransparentButton.swift */; };
		A023FEF62BAB12E500FAB13C /* PhotoPickerView.swift in Sources */ = {isa = PBXBuildFile; fileRef = A023FEF52BAB12E500FAB13C /* PhotoPickerView.swift */; };
		A02542552BFFB08C004B5FA1 /* CardHeaderView.swift in Sources */ = {isa = PBXBuildFile; fileRef = A02542542BFFB08C004B5FA1 /* CardHeaderView.swift */; };
		A025425A2BFFC483004B5FA1 /* MoveToButton.swift in Sources */ = {isa = PBXBuildFile; fileRef = A02542592BFFC483004B5FA1 /* MoveToButton.swift */; };
		A025425C2BFFC4A4004B5FA1 /* CardHeaderImageView.swift in Sources */ = {isa = PBXBuildFile; fileRef = A025425B2BFFC4A4004B5FA1 /* CardHeaderImageView.swift */; };
		A02542602BFFC638004B5FA1 /* FlipablePhraseView.swift in Sources */ = {isa = PBXBuildFile; fileRef = A025425F2BFFC638004B5FA1 /* FlipablePhraseView.swift */; };
		A03E93742BAA175400B6E381 /* NeuButtonStyle.swift in Sources */ = {isa = PBXBuildFile; fileRef = A03E93732BAA175400B6E381 /* NeuButtonStyle.swift */; };
		A0539AD02BC5D64300158D05 /* Assets.xcassets in Resources */ = {isa = PBXBuildFile; fileRef = A0539ACE2BC5D64300158D05 /* Assets.xcassets */; };
		A0539AD42BC5D6B500158D05 /* Confetti.sks in Resources */ = {isa = PBXBuildFile; fileRef = A0539AD32BC5D6B500158D05 /* Confetti.sks */; };
		A0539AD62BC6AC1200158D05 /* ConfettiView.swift in Sources */ = {isa = PBXBuildFile; fileRef = A0539AD52BC6AC1200158D05 /* ConfettiView.swift */; };
		A059AFD12BA8A5D600CAE6E8 /* AnyShape+Ext.swift in Sources */ = {isa = PBXBuildFile; fileRef = A059AFD02BA8A5D600CAE6E8 /* AnyShape+Ext.swift */; };
		A059AFD32BA8BD2500CAE6E8 /* Image+Ext.swift in Sources */ = {isa = PBXBuildFile; fileRef = A059AFD22BA8BD2500CAE6E8 /* Image+Ext.swift */; };
		A05DC6102BFE22770096844D /* CardModel.swift in Sources */ = {isa = PBXBuildFile; fileRef = A05DC60F2BFE22770096844D /* CardModel.swift */; };
		A05DC6132BFE70570096844D /* CardsViewModel.swift in Sources */ = {isa = PBXBuildFile; fileRef = A05DC6122BFE70570096844D /* CardsViewModel.swift */; };
		A05EFA1C2BBD7D2D000460A3 /* UserDefaultsManager.swift in Sources */ = {isa = PBXBuildFile; fileRef = A05EFA1B2BBD7D2D000460A3 /* UserDefaultsManager.swift */; };
		A05EFA1E2BBD809F000460A3 /* SettingsView.swift in Sources */ = {isa = PBXBuildFile; fileRef = A05EFA1D2BBD809F000460A3 /* SettingsView.swift */; };
		A05EFA202BBD80E9000460A3 /* Voice.swift in Sources */ = {isa = PBXBuildFile; fileRef = A05EFA1F2BBD80E9000460A3 /* Voice.swift */; };
		A05EFA222BBDF122000460A3 /* OtherView.swift in Sources */ = {isa = PBXBuildFile; fileRef = A05EFA212BBDF122000460A3 /* OtherView.swift */; };
		A06161592C3711AE00D47CA8 /* AppDelegate.swift in Sources */ = {isa = PBXBuildFile; fileRef = A06161582C3711AE00D47CA8 /* AppDelegate.swift */; };
		A061615C2C37259800D47CA8 /* AppConfiguration.swift in Sources */ = {isa = PBXBuildFile; fileRef = A061615B2C37259800D47CA8 /* AppConfiguration.swift */; };
		A061615F2C3726A500D47CA8 /* AlertService.swift in Sources */ = {isa = PBXBuildFile; fileRef = A061615E2C37269D00D47CA8 /* AlertService.swift */; };
		A06161612C38722500D47CA8 /* AppState.swift in Sources */ = {isa = PBXBuildFile; fileRef = A06161602C38722500D47CA8 /* AppState.swift */; };
		A06161632C387D7A00D47CA8 /* NotificationsView.swift in Sources */ = {isa = PBXBuildFile; fileRef = A06161622C387D7A00D47CA8 /* NotificationsView.swift */; };
		A06749E02BC723AF00150D68 /* ParticleScene.swift in Sources */ = {isa = PBXBuildFile; fileRef = A06749DF2BC723AF00150D68 /* ParticleScene.swift */; };
		A07420A22BD8565C002B800F /* AttributedString+Ext.swift in Sources */ = {isa = PBXBuildFile; fileRef = A07420A12BD8565C002B800F /* AttributedString+Ext.swift */; };
		A07420A42BD990F0002B800F /* UITextView+Ext.swift in Sources */ = {isa = PBXBuildFile; fileRef = A07420A32BD990F0002B800F /* UITextView+Ext.swift */; };
		A07420A62BD99257002B800F /* UIColor+Ext.swift in Sources */ = {isa = PBXBuildFile; fileRef = A07420A52BD99257002B800F /* UIColor+Ext.swift */; };
		A07420A82BD9A5A1002B800F /* HighlighterPalette.swift in Sources */ = {isa = PBXBuildFile; fileRef = A07420A72BD9A5A1002B800F /* HighlighterPalette.swift */; };
		A0751AD82BAC89F000CF252C /* Font+Ext.swift in Sources */ = {isa = PBXBuildFile; fileRef = A0751AD72BAC89F000CF252C /* Font+Ext.swift */; };
		A0751AE82BADBED500CF252C /* Date+Ext.swift in Sources */ = {isa = PBXBuildFile; fileRef = A0751AE72BADBED500CF252C /* Date+Ext.swift */; };
		A07B38AE2BC046A000943F0E /* SkeletonCardView.swift in Sources */ = {isa = PBXBuildFile; fileRef = A07B38AD2BC046A000943F0E /* SkeletonCardView.swift */; };
		A08723B72C2072250000CB8C /* Popup.swift in Sources */ = {isa = PBXBuildFile; fileRef = A08723B62C2072250000CB8C /* Popup.swift */; };
		A08723B92C20838B0000CB8C /* CopyButton.swift in Sources */ = {isa = PBXBuildFile; fileRef = A08723B82C20838B0000CB8C /* CopyButton.swift */; };
		A088250D2C078927006458A1 /* AddNewSourceView.swift in Sources */ = {isa = PBXBuildFile; fileRef = A088250C2C078927006458A1 /* AddNewSourceView.swift */; };
		A08825102C08ED35006458A1 /* PlayableTextView.swift in Sources */ = {isa = PBXBuildFile; fileRef = A088250F2C08ED35006458A1 /* PlayableTextView.swift */; };
		A08825122C08FA85006458A1 /* CardView.swift in Sources */ = {isa = PBXBuildFile; fileRef = A08825112C08FA85006458A1 /* CardView.swift */; };
		A08FF8082C039FC60053116B /* AdditionalnfoView.swift in Sources */ = {isa = PBXBuildFile; fileRef = A08FF8072C039FC60053116B /* AdditionalnfoView.swift */; };
		A08FF80A2C03CFF20053116B /* StyledText.swift in Sources */ = {isa = PBXBuildFile; fileRef = A08FF8092C03CFF20053116B /* StyledText.swift */; };
		A0901B4F2BD687EB00B9713D /* HighlightableTextView.swift in Sources */ = {isa = PBXBuildFile; fileRef = A0901B4E2BD687EB00B9713D /* HighlightableTextView.swift */; };
		A090B1092C175F6000FA0966 /* CustomPopup.swift in Sources */ = {isa = PBXBuildFile; fileRef = A090B1082C175F6000FA0966 /* CustomPopup.swift */; };
		A090B10C2C17621C00FA0966 /* SamplePhrasesView.swift in Sources */ = {isa = PBXBuildFile; fileRef = A090B10B2C17621C00FA0966 /* SamplePhrasesView.swift */; };
		A090B10F2C1762A300FA0966 /* SamplePhrasesViewModel.swift in Sources */ = {isa = PBXBuildFile; fileRef = A090B10E2C1762A300FA0966 /* SamplePhrasesViewModel.swift */; };
		A090B1122C17711C00FA0966 /* RandomDataService.swift in Sources */ = {isa = PBXBuildFile; fileRef = A090B1112C17711C00FA0966 /* RandomDataService.swift */; };
		A095816C2BC570CA00CAA566 /* FullImageView.swift in Sources */ = {isa = PBXBuildFile; fileRef = A095816B2BC570CA00CAA566 /* FullImageView.swift */; };
		A09581702BC58F0F00CAA566 /* TextToSpeachViewModel.swift in Sources */ = {isa = PBXBuildFile; fileRef = A095816F2BC58F0F00CAA566 /* TextToSpeachViewModel.swift */; };
		A09581732BC5ADD400CAA566 /* ImageScale.swift in Sources */ = {isa = PBXBuildFile; fileRef = A09581722BC5ADD400CAA566 /* ImageScale.swift */; };
		A097836D2C23166900DB3827 /* CardArchiveTag+CoreDataClass.swift in Sources */ = {isa = PBXBuildFile; fileRef = A09783652C23166900DB3827 /* CardArchiveTag+CoreDataClass.swift */; };
		A097836E2C23166900DB3827 /* CardArchiveTag+CoreDataProperties.swift in Sources */ = {isa = PBXBuildFile; fileRef = A09783662C23166900DB3827 /* CardArchiveTag+CoreDataProperties.swift */; };
		A097836F2C23166900DB3827 /* CardSource+CoreDataClass.swift in Sources */ = {isa = PBXBuildFile; fileRef = A09783672C23166900DB3827 /* CardSource+CoreDataClass.swift */; };
		A09783702C23166900DB3827 /* CardSource+CoreDataProperties.swift in Sources */ = {isa = PBXBuildFile; fileRef = A09783682C23166900DB3827 /* CardSource+CoreDataProperties.swift */; };
		A09783712C23166900DB3827 /* StatData+CoreDataClass.swift in Sources */ = {isa = PBXBuildFile; fileRef = A09783692C23166900DB3827 /* StatData+CoreDataClass.swift */; };
		A09783722C23166900DB3827 /* StatData+CoreDataProperties.swift in Sources */ = {isa = PBXBuildFile; fileRef = A097836A2C23166900DB3827 /* StatData+CoreDataProperties.swift */; };
		A09783732C23166900DB3827 /* Card+CoreDataClass.swift in Sources */ = {isa = PBXBuildFile; fileRef = A097836B2C23166900DB3827 /* Card+CoreDataClass.swift */; };
		A09783742C23166900DB3827 /* Card+CoreDataProperties.swift in Sources */ = {isa = PBXBuildFile; fileRef = A097836C2C23166900DB3827 /* Card+CoreDataProperties.swift */; };
		A0983B402BC45AFE009A3CCB /* SkeletonListRowView.swift in Sources */ = {isa = PBXBuildFile; fileRef = A0983B3F2BC45AFE009A3CCB /* SkeletonListRowView.swift */; };
		A0983B422BC559A0009A3CCB /* SettingsService.swift in Sources */ = {isa = PBXBuildFile; fileRef = A0983B412BC559A0009A3CCB /* SettingsService.swift */; };
		A0983B452BC55A3E009A3CCB /* AspectRatio.swift in Sources */ = {isa = PBXBuildFile; fileRef = A0983B442BC55A3E009A3CCB /* AspectRatio.swift */; };
		A09C7D392BBC8EB500CBF01F /* TextToSpeechPlayView.swift in Sources */ = {isa = PBXBuildFile; fileRef = A09C7D382BBC8EB500CBF01F /* TextToSpeechPlayView.swift */; };
		A09D81182C04BC8B00ADFF20 /* SetupCardViewModel.swift in Sources */ = {isa = PBXBuildFile; fileRef = A09D81172C04BC8B00ADFF20 /* SetupCardViewModel.swift */; };
		A09D811E2C04BDD800ADFF20 /* GroupBoxStyleModifier.swift in Sources */ = {isa = PBXBuildFile; fileRef = A09D811D2C04BDD800ADFF20 /* GroupBoxStyleModifier.swift */; };
		A09D81222C04E8DD00ADFF20 /* TextConstants.swift in Sources */ = {isa = PBXBuildFile; fileRef = A09D81212C04E8DD00ADFF20 /* TextConstants.swift */; };
		A0AC3A022BA9AB4C006DA5DA /* CardStatus.swift in Sources */ = {isa = PBXBuildFile; fileRef = A0AC3A012BA9AB4C006DA5DA /* CardStatus.swift */; };
		A0B21A622BF3CEF0008EAAD1 /* CardService.swift in Sources */ = {isa = PBXBuildFile; fileRef = A0B21A612BF3CEF0008EAAD1 /* CardService.swift */; };
		A0B21A662BF3CFA5008EAAD1 /* StatDataService.swift in Sources */ = {isa = PBXBuildFile; fileRef = A0B21A652BF3CFA5008EAAD1 /* StatDataService.swift */; };
		A0B21A6A2BF3D03E008EAAD1 /* ArhiveTagService.swift in Sources */ = {isa = PBXBuildFile; fileRef = A0B21A692BF3D03E008EAAD1 /* ArhiveTagService.swift */; };
		A0B21A6D2BF3D0A9008EAAD1 /* StatViewModel.swift in Sources */ = {isa = PBXBuildFile; fileRef = A0B21A6C2BF3D0A9008EAAD1 /* StatViewModel.swift */; };
		A0B21A702BF4EC9F008EAAD1 /* ChartLinesView.swift in Sources */ = {isa = PBXBuildFile; fileRef = A0B21A6F2BF4EC9F008EAAD1 /* ChartLinesView.swift */; };
		A0B21A722BF4ED09008EAAD1 /* ChartLineToggleView.swift in Sources */ = {isa = PBXBuildFile; fileRef = A0B21A712BF4ED09008EAAD1 /* ChartLineToggleView.swift */; };
		A0B21A742BF4ED34008EAAD1 /* PeriodPickerView.swift in Sources */ = {isa = PBXBuildFile; fileRef = A0B21A732BF4ED34008EAAD1 /* PeriodPickerView.swift */; };
		A0B21A762BF4ED80008EAAD1 /* ChartView.swift in Sources */ = {isa = PBXBuildFile; fileRef = A0B21A752BF4ED80008EAAD1 /* ChartView.swift */; };
		A0B21A7B2BF512E5008EAAD1 /* VoicePickerView.swift in Sources */ = {isa = PBXBuildFile; fileRef = A0B21A7A2BF512E5008EAAD1 /* VoicePickerView.swift */; };
		A0B21A7D2BF51381008EAAD1 /* ImageSettingsView.swift in Sources */ = {isa = PBXBuildFile; fileRef = A0B21A7C2BF51381008EAAD1 /* ImageSettingsView.swift */; };
		A0B21A802BF514DC008EAAD1 /* SettingsViewModel.swift in Sources */ = {isa = PBXBuildFile; fileRef = A0B21A7F2BF514DC008EAAD1 /* SettingsViewModel.swift */; };
		A0B21A822BF5173C008EAAD1 /* HighliterPaletteView.swift in Sources */ = {isa = PBXBuildFile; fileRef = A0B21A812BF5173C008EAAD1 /* HighliterPaletteView.swift */; };
		A0B21A872BF524A6008EAAD1 /* CardSourceService.swift in Sources */ = {isa = PBXBuildFile; fileRef = A0B21A862BF524A6008EAAD1 /* CardSourceService.swift */; };
		A0B21A8B2BF524FB008EAAD1 /* SourceViewModel.swift in Sources */ = {isa = PBXBuildFile; fileRef = A0B21A8A2BF524FB008EAAD1 /* SourceViewModel.swift */; };
		A0B21AA82BFCFE1E008EAAD1 /* CardStackView.swift in Sources */ = {isa = PBXBuildFile; fileRef = A0B21AA72BFCFE1E008EAAD1 /* CardStackView.swift */; };
		A0B3515D2C29D75700FAD55E /* PasteButton.swift in Sources */ = {isa = PBXBuildFile; fileRef = A0B3515C2C29D75700FAD55E /* PasteButton.swift */; };
		A0B3515F2C2B4F4100FAD55E /* TextFieldWithFlipableButton.swift in Sources */ = {isa = PBXBuildFile; fileRef = A0B3515E2C2B4F4100FAD55E /* TextFieldWithFlipableButton.swift */; };
		A0B351662C2C7A2E00FAD55E /* DynamicHeightScrollView.swift in Sources */ = {isa = PBXBuildFile; fileRef = A0B351652C2C7A2E00FAD55E /* DynamicHeightScrollView.swift */; };
		A0B351682C2DCDAD00FAD55E /* String+Ext.swift in Sources */ = {isa = PBXBuildFile; fileRef = A0B351672C2DCDA300FAD55E /* String+Ext.swift */; };
		A0B3516A2C2DCDD300FAD55E /* Helpers.swift in Sources */ = {isa = PBXBuildFile; fileRef = A0B351692C2DCDD300FAD55E /* Helpers.swift */; };
		A0B3516C2C2DE2D100FAD55E /* NetworkMonitor.swift in Sources */ = {isa = PBXBuildFile; fileRef = A0B3516B2C2DE2D100FAD55E /* NetworkMonitor.swift */; };
		A0B3516F2C2F554500FAD55E /* NotificationsService.swift in Sources */ = {isa = PBXBuildFile; fileRef = A0B3516E2C2F554500FAD55E /* NotificationsService.swift */; };
		A0B8BB662C3DE329007C51BA /* TabView.swift in Sources */ = {isa = PBXBuildFile; fileRef = A0B8BB652C3DE329007C51BA /* TabView.swift */; };
		A0BC329A2C1455650006BF39 /* FilterViewModel.swift in Sources */ = {isa = PBXBuildFile; fileRef = A0BC32992C1455650006BF39 /* FilterViewModel.swift */; };
		A0BC329E2C1462C20006BF39 /* CreationDateView.swift in Sources */ = {isa = PBXBuildFile; fileRef = A0BC329D2C1462C20006BF39 /* CreationDateView.swift */; };
		A0BC32A62C172F5E0006BF39 /* DictionaryResponse.swift in Sources */ = {isa = PBXBuildFile; fileRef = A0BC32A52C172F5E0006BF39 /* DictionaryResponse.swift */; };
		A0BC32AA2C1730AC0006BF39 /* NetworkService.swift in Sources */ = {isa = PBXBuildFile; fileRef = A0BC32A92C1730AC0006BF39 /* NetworkService.swift */; };
		A0C3E25B2BBECF47006ADC91 /* SkeletonView.swift in Sources */ = {isa = PBXBuildFile; fileRef = A0C3E25A2BBECF47006ADC91 /* SkeletonView.swift */; };
		A0C3F9F92C29861C00E188B0 /* FilterService.swift in Sources */ = {isa = PBXBuildFile; fileRef = A0C3F9F82C29861C00E188B0 /* FilterService.swift */; };
		A0D0910D2BCF149E00D8AED3 /* CardArchiveTag+Ext.swift in Sources */ = {isa = PBXBuildFile; fileRef = A0D0910C2BCF149E00D8AED3 /* CardArchiveTag+Ext.swift */; };
		A0D091132BCFEB4A00D8AED3 /* StatView.swift in Sources */ = {isa = PBXBuildFile; fileRef = A0D091122BCFEB4A00D8AED3 /* StatView.swift */; };
		A0D091152BCFEEDC00D8AED3 /* Spirals.sks in Resources */ = {isa = PBXBuildFile; fileRef = A0D091142BCFEEDC00D8AED3 /* Spirals.sks */; };
		A0D49F472BD29DC10083D0A5 /* ChartLine.swift in Sources */ = {isa = PBXBuildFile; fileRef = A0D49F462BD29DC10083D0A5 /* ChartLine.swift */; };
		A0F0B3C72C13ABC200776855 /* TagLayout.swift in Sources */ = {isa = PBXBuildFile; fileRef = A0F0B3C62C13ABC200776855 /* TagLayout.swift */; };
		A0F0B3CB2C1453E500776855 /* ListViewModel.swift in Sources */ = {isa = PBXBuildFile; fileRef = A0F0B3CA2C1453E500776855 /* ListViewModel.swift */; };
		A0F940632BC95C0B00424690 /* SourcesView.swift in Sources */ = {isa = PBXBuildFile; fileRef = A0F940622BC95C0B00424690 /* SourcesView.swift */; };
		A0F940712BC9D84F00424690 /* SourceListRowView.swift in Sources */ = {isa = PBXBuildFile; fileRef = A0F940702BC9D84F00424690 /* SourceListRowView.swift */; };
/* End PBXBuildFile section */

/* Begin PBXFileReference section */
		A00B66C62BE9389500F5CA7F /* SizeConstants.swift */ = {isa = PBXFileReference; lastKnownFileType = sourcecode.swift; path = SizeConstants.swift; sourceTree = "<group>"; };
		A00B66C92BE949A500F5CA7F /* MockData.swift */ = {isa = PBXFileReference; lastKnownFileType = sourcecode.swift; path = MockData.swift; sourceTree = "<group>"; };
		A00B66CC2BEC04C300F5CA7F /* DummyCardStackView.swift */ = {isa = PBXFileReference; lastKnownFileType = sourcecode.swift; path = DummyCardStackView.swift; sourceTree = "<group>"; };
		A00B66CE2BEC051600F5CA7F /* DummyCardView.swift */ = {isa = PBXFileReference; lastKnownFileType = sourcecode.swift; path = DummyCardView.swift; sourceTree = "<group>"; };
		A00B66D02BEC072400F5CA7F /* DummyCardsViewModel.swift */ = {isa = PBXFileReference; lastKnownFileType = sourcecode.swift; path = DummyCardsViewModel.swift; sourceTree = "<group>"; };
		A00B66D72BEC07D800F5CA7F /* DummyCardService.swift */ = {isa = PBXFileReference; lastKnownFileType = sourcecode.swift; path = DummyCardService.swift; sourceTree = "<group>"; };
		A00B66D92BEC080B00F5CA7F /* DummyCardModel.swift */ = {isa = PBXFileReference; lastKnownFileType = sourcecode.swift; path = DummyCardModel.swift; sourceTree = "<group>"; };
		A00B66DB2BEC083E00F5CA7F /* DummyItem.swift */ = {isa = PBXFileReference; lastKnownFileType = sourcecode.swift; path = DummyItem.swift; sourceTree = "<group>"; };
		A00B66DE2BEC0B2B00F5CA7F /* StatEmptyView.swift */ = {isa = PBXFileReference; lastKnownFileType = sourcecode.swift; path = StatEmptyView.swift; sourceTree = "<group>"; };
		A0143AD22C062D7700AD7FBC /* TagCloudItem.swift */ = {isa = PBXFileReference; lastKnownFileType = sourcecode.swift; path = TagCloudItem.swift; sourceTree = "<group>"; };
		A0143AD42C062DB900AD7FBC /* TagCloudViewModel.swift */ = {isa = PBXFileReference; lastKnownFileType = sourcecode.swift; path = TagCloudViewModel.swift; sourceTree = "<group>"; };
		A014EA792C40086300FDA248 /* PhotoLibraryService.swift */ = {isa = PBXFileReference; lastKnownFileType = sourcecode.swift; path = PhotoLibraryService.swift; sourceTree = "<group>"; };
		A01BCECC2BD0655C00C35EA6 /* Period.swift */ = {isa = PBXFileReference; lastKnownFileType = sourcecode.swift; path = Period.swift; sourceTree = "<group>"; };
		A01D2A732BB4C4CA00AE1790 /* ListRowView.swift */ = {isa = PBXFileReference; lastKnownFileType = sourcecode.swift; path = ListRowView.swift; sourceTree = "<group>"; };
		A01D2A752BB4C78800AE1790 /* FilterView.swift */ = {isa = PBXFileReference; lastKnownFileType = sourcecode.swift; path = FilterView.swift; sourceTree = "<group>"; };
		A01D2A792BB9D6DD00AE1790 /* InfoView.swift */ = {isa = PBXFileReference; lastKnownFileType = sourcecode.swift; path = InfoView.swift; sourceTree = "<group>"; };
		A01E18982BA3211000A03412 /* Quadra.app */ = {isa = PBXFileReference; explicitFileType = wrapper.application; includeInIndex = 0; name = Quadra.app; path = "/Users/balashenko/Developer/Quadra/build/Debug-iphoneos/Quadra.app"; sourceTree = "<absolute>"; };
		A01E189B2BA3211000A03412 /* QuadraApp.swift */ = {isa = PBXFileReference; lastKnownFileType = sourcecode.swift; path = QuadraApp.swift; sourceTree = "<group>"; };
		A01E189D2BA3211000A03412 /* ContentView.swift */ = {isa = PBXFileReference; lastKnownFileType = sourcecode.swift; path = ContentView.swift; sourceTree = "<group>"; };
		A01E189F2BA3211300A03412 /* Assets.xcassets */ = {isa = PBXFileReference; lastKnownFileType = folder.assetcatalog; path = Assets.xcassets; sourceTree = "<group>"; };
		A01E18A22BA3211300A03412 /* Preview Assets.xcassets */ = {isa = PBXFileReference; lastKnownFileType = folder.assetcatalog; path = "Preview Assets.xcassets"; sourceTree = "<group>"; };
		A01E18A42BA3211300A03412 /* DataController.swift */ = {isa = PBXFileReference; lastKnownFileType = sourcecode.swift; path = DataController.swift; sourceTree = "<group>"; };
		A01E18A72BA3211300A03412 /* Quadra.xcdatamodel */ = {isa = PBXFileReference; lastKnownFileType = wrapper.xcdatamodel; path = Quadra.xcdatamodel; sourceTree = "<group>"; };
		A01E18BC2BA32F9E00A03412 /* ListView.swift */ = {isa = PBXFileReference; lastKnownFileType = sourcecode.swift; path = ListView.swift; sourceTree = "<group>"; };
		A01E18C12BA334F600A03412 /* Card+Ext.swift */ = {isa = PBXFileReference; lastKnownFileType = sourcecode.swift; path = "Card+Ext.swift"; sourceTree = "<group>"; };
		A01E18C72BA7179800A03412 /* View+Ext.swift */ = {isa = PBXFileReference; lastKnownFileType = sourcecode.swift; path = "View+Ext.swift"; sourceTree = "<group>"; };
		A01E18C92BA71C4700A03412 /* TransparentButtonStyle.swift */ = {isa = PBXFileReference; lastKnownFileType = sourcecode.swift; path = TransparentButtonStyle.swift; sourceTree = "<group>"; };
		A01E18CB2BA72BAB00A03412 /* SwipeableCardView.swift */ = {isa = PBXFileReference; lastKnownFileType = sourcecode.swift; path = SwipeableCardView.swift; sourceTree = "<group>"; };
		A01E18CD2BA7398200A03412 /* Color+Ext.swift */ = {isa = PBXFileReference; lastKnownFileType = sourcecode.swift; path = "Color+Ext.swift"; sourceTree = "<group>"; };
		A01E18EC2BA78DD000A03412 /* SetupCardView.swift */ = {isa = PBXFileReference; lastKnownFileType = sourcecode.swift; path = SetupCardView.swift; sourceTree = "<group>"; };
		A023FEED2BAA216800FAB13C /* TagCloudView.swift */ = {isa = PBXFileReference; lastKnownFileType = sourcecode.swift; path = TagCloudView.swift; sourceTree = "<group>"; };
		A023FEEF2BAA22ED00FAB13C /* SelectableTagView.swift */ = {isa = PBXFileReference; lastKnownFileType = sourcecode.swift; path = SelectableTagView.swift; sourceTree = "<group>"; };
		A023FEF12BAB0EA400FAB13C /* NeuTextFIeldStyle.swift */ = {isa = PBXFileReference; lastKnownFileType = sourcecode.swift; path = NeuTextFIeldStyle.swift; sourceTree = "<group>"; };
		A023FEF32BAB114B00FAB13C /* AlignableTransparentButton.swift */ = {isa = PBXFileReference; lastKnownFileType = sourcecode.swift; path = AlignableTransparentButton.swift; sourceTree = "<group>"; };
		A023FEF52BAB12E500FAB13C /* PhotoPickerView.swift */ = {isa = PBXFileReference; lastKnownFileType = sourcecode.swift; path = PhotoPickerView.swift; sourceTree = "<group>"; };
		A02542542BFFB08C004B5FA1 /* CardHeaderView.swift */ = {isa = PBXFileReference; lastKnownFileType = sourcecode.swift; path = CardHeaderView.swift; sourceTree = "<group>"; };
		A02542592BFFC483004B5FA1 /* MoveToButton.swift */ = {isa = PBXFileReference; lastKnownFileType = sourcecode.swift; path = MoveToButton.swift; sourceTree = "<group>"; };
		A025425B2BFFC4A4004B5FA1 /* CardHeaderImageView.swift */ = {isa = PBXFileReference; lastKnownFileType = sourcecode.swift; path = CardHeaderImageView.swift; sourceTree = "<group>"; };
		A025425F2BFFC638004B5FA1 /* FlipablePhraseView.swift */ = {isa = PBXFileReference; lastKnownFileType = sourcecode.swift; path = FlipablePhraseView.swift; sourceTree = "<group>"; };
		A03E93732BAA175400B6E381 /* NeuButtonStyle.swift */ = {isa = PBXFileReference; lastKnownFileType = sourcecode.swift; path = NeuButtonStyle.swift; sourceTree = "<group>"; };
		A0539ACE2BC5D64300158D05 /* Assets.xcassets */ = {isa = PBXFileReference; lastKnownFileType = folder.assetcatalog; path = Assets.xcassets; sourceTree = "<group>"; };
		A0539AD32BC5D6B500158D05 /* Confetti.sks */ = {isa = PBXFileReference; lastKnownFileType = file.sks; path = Confetti.sks; sourceTree = "<group>"; };
		A0539AD52BC6AC1200158D05 /* ConfettiView.swift */ = {isa = PBXFileReference; lastKnownFileType = sourcecode.swift; path = ConfettiView.swift; sourceTree = "<group>"; };
		A059AFD02BA8A5D600CAE6E8 /* AnyShape+Ext.swift */ = {isa = PBXFileReference; lastKnownFileType = sourcecode.swift; path = "AnyShape+Ext.swift"; sourceTree = "<group>"; };
		A059AFD22BA8BD2500CAE6E8 /* Image+Ext.swift */ = {isa = PBXFileReference; lastKnownFileType = sourcecode.swift; path = "Image+Ext.swift"; sourceTree = "<group>"; };
		A05DC60F2BFE22770096844D /* CardModel.swift */ = {isa = PBXFileReference; lastKnownFileType = sourcecode.swift; path = CardModel.swift; sourceTree = "<group>"; };
		A05DC6122BFE70570096844D /* CardsViewModel.swift */ = {isa = PBXFileReference; lastKnownFileType = sourcecode.swift; path = CardsViewModel.swift; sourceTree = "<group>"; };
		A05EFA1B2BBD7D2D000460A3 /* UserDefaultsManager.swift */ = {isa = PBXFileReference; lastKnownFileType = sourcecode.swift; path = UserDefaultsManager.swift; sourceTree = "<group>"; };
		A05EFA1D2BBD809F000460A3 /* SettingsView.swift */ = {isa = PBXFileReference; lastKnownFileType = sourcecode.swift; path = SettingsView.swift; sourceTree = "<group>"; };
		A05EFA1F2BBD80E9000460A3 /* Voice.swift */ = {isa = PBXFileReference; lastKnownFileType = sourcecode.swift; path = Voice.swift; sourceTree = "<group>"; };
		A05EFA212BBDF122000460A3 /* OtherView.swift */ = {isa = PBXFileReference; lastKnownFileType = sourcecode.swift; path = OtherView.swift; sourceTree = "<group>"; };
		A06161582C3711AE00D47CA8 /* AppDelegate.swift */ = {isa = PBXFileReference; lastKnownFileType = sourcecode.swift; path = AppDelegate.swift; sourceTree = "<group>"; };
		A061615B2C37259800D47CA8 /* AppConfiguration.swift */ = {isa = PBXFileReference; lastKnownFileType = sourcecode.swift; path = AppConfiguration.swift; sourceTree = "<group>"; };
		A061615E2C37269D00D47CA8 /* AlertService.swift */ = {isa = PBXFileReference; lastKnownFileType = sourcecode.swift; path = AlertService.swift; sourceTree = "<group>"; };
		A06161602C38722500D47CA8 /* AppState.swift */ = {isa = PBXFileReference; lastKnownFileType = sourcecode.swift; path = AppState.swift; sourceTree = "<group>"; };
		A06161622C387D7A00D47CA8 /* NotificationsView.swift */ = {isa = PBXFileReference; lastKnownFileType = sourcecode.swift; path = NotificationsView.swift; sourceTree = "<group>"; };
		A06749DF2BC723AF00150D68 /* ParticleScene.swift */ = {isa = PBXFileReference; lastKnownFileType = sourcecode.swift; path = ParticleScene.swift; sourceTree = "<group>"; };
		A07420A12BD8565C002B800F /* AttributedString+Ext.swift */ = {isa = PBXFileReference; lastKnownFileType = sourcecode.swift; path = "AttributedString+Ext.swift"; sourceTree = "<group>"; };
		A07420A32BD990F0002B800F /* UITextView+Ext.swift */ = {isa = PBXFileReference; lastKnownFileType = sourcecode.swift; path = "UITextView+Ext.swift"; sourceTree = "<group>"; };
		A07420A52BD99257002B800F /* UIColor+Ext.swift */ = {isa = PBXFileReference; lastKnownFileType = sourcecode.swift; path = "UIColor+Ext.swift"; sourceTree = "<group>"; };
		A07420A72BD9A5A1002B800F /* HighlighterPalette.swift */ = {isa = PBXFileReference; lastKnownFileType = sourcecode.swift; path = HighlighterPalette.swift; sourceTree = "<group>"; };
		A0751AD62BAC87CB00CF252C /* Info.plist */ = {isa = PBXFileReference; lastKnownFileType = text.plist; path = Info.plist; sourceTree = "<group>"; };
		A0751AD72BAC89F000CF252C /* Font+Ext.swift */ = {isa = PBXFileReference; lastKnownFileType = sourcecode.swift; path = "Font+Ext.swift"; sourceTree = "<group>"; };
		A0751AE72BADBED500CF252C /* Date+Ext.swift */ = {isa = PBXFileReference; lastKnownFileType = sourcecode.swift; path = "Date+Ext.swift"; sourceTree = "<group>"; };
		A07B38AD2BC046A000943F0E /* SkeletonCardView.swift */ = {isa = PBXFileReference; lastKnownFileType = sourcecode.swift; path = SkeletonCardView.swift; sourceTree = "<group>"; };
		A08723B62C2072250000CB8C /* Popup.swift */ = {isa = PBXFileReference; lastKnownFileType = sourcecode.swift; path = Popup.swift; sourceTree = "<group>"; };
		A08723B82C20838B0000CB8C /* CopyButton.swift */ = {isa = PBXFileReference; lastKnownFileType = sourcecode.swift; path = CopyButton.swift; sourceTree = "<group>"; };
		A088250C2C078927006458A1 /* AddNewSourceView.swift */ = {isa = PBXFileReference; lastKnownFileType = sourcecode.swift; path = AddNewSourceView.swift; sourceTree = "<group>"; };
		A088250F2C08ED35006458A1 /* PlayableTextView.swift */ = {isa = PBXFileReference; lastKnownFileType = sourcecode.swift; path = PlayableTextView.swift; sourceTree = "<group>"; };
		A08825112C08FA85006458A1 /* CardView.swift */ = {isa = PBXFileReference; lastKnownFileType = sourcecode.swift; path = CardView.swift; sourceTree = "<group>"; };
		A08FF8072C039FC60053116B /* AdditionalnfoView.swift */ = {isa = PBXFileReference; lastKnownFileType = sourcecode.swift; path = AdditionalnfoView.swift; sourceTree = "<group>"; };
		A08FF8092C03CFF20053116B /* StyledText.swift */ = {isa = PBXFileReference; lastKnownFileType = sourcecode.swift; path = StyledText.swift; sourceTree = "<group>"; };
		A0901B4E2BD687EB00B9713D /* HighlightableTextView.swift */ = {isa = PBXFileReference; lastKnownFileType = sourcecode.swift; path = HighlightableTextView.swift; sourceTree = "<group>"; };
		A090B1082C175F6000FA0966 /* CustomPopup.swift */ = {isa = PBXFileReference; lastKnownFileType = sourcecode.swift; path = CustomPopup.swift; sourceTree = "<group>"; };
		A090B10B2C17621C00FA0966 /* SamplePhrasesView.swift */ = {isa = PBXFileReference; lastKnownFileType = sourcecode.swift; path = SamplePhrasesView.swift; sourceTree = "<group>"; };
		A090B10E2C1762A300FA0966 /* SamplePhrasesViewModel.swift */ = {isa = PBXFileReference; lastKnownFileType = sourcecode.swift; path = SamplePhrasesViewModel.swift; sourceTree = "<group>"; };
		A090B1112C17711C00FA0966 /* RandomDataService.swift */ = {isa = PBXFileReference; lastKnownFileType = sourcecode.swift; path = RandomDataService.swift; sourceTree = "<group>"; };
		A095816B2BC570CA00CAA566 /* FullImageView.swift */ = {isa = PBXFileReference; lastKnownFileType = sourcecode.swift; path = FullImageView.swift; sourceTree = "<group>"; };
		A095816F2BC58F0F00CAA566 /* TextToSpeachViewModel.swift */ = {isa = PBXFileReference; lastKnownFileType = sourcecode.swift; path = TextToSpeachViewModel.swift; sourceTree = "<group>"; };
		A09581722BC5ADD400CAA566 /* ImageScale.swift */ = {isa = PBXFileReference; lastKnownFileType = sourcecode.swift; path = ImageScale.swift; sourceTree = "<group>"; };
		A09783652C23166900DB3827 /* CardArchiveTag+CoreDataClass.swift */ = {isa = PBXFileReference; lastKnownFileType = sourcecode.swift; path = "CardArchiveTag+CoreDataClass.swift"; sourceTree = "<group>"; };
		A09783662C23166900DB3827 /* CardArchiveTag+CoreDataProperties.swift */ = {isa = PBXFileReference; lastKnownFileType = sourcecode.swift; path = "CardArchiveTag+CoreDataProperties.swift"; sourceTree = "<group>"; };
		A09783672C23166900DB3827 /* CardSource+CoreDataClass.swift */ = {isa = PBXFileReference; lastKnownFileType = sourcecode.swift; path = "CardSource+CoreDataClass.swift"; sourceTree = "<group>"; };
		A09783682C23166900DB3827 /* CardSource+CoreDataProperties.swift */ = {isa = PBXFileReference; lastKnownFileType = sourcecode.swift; path = "CardSource+CoreDataProperties.swift"; sourceTree = "<group>"; };
		A09783692C23166900DB3827 /* StatData+CoreDataClass.swift */ = {isa = PBXFileReference; lastKnownFileType = sourcecode.swift; path = "StatData+CoreDataClass.swift"; sourceTree = "<group>"; };
		A097836A2C23166900DB3827 /* StatData+CoreDataProperties.swift */ = {isa = PBXFileReference; lastKnownFileType = sourcecode.swift; path = "StatData+CoreDataProperties.swift"; sourceTree = "<group>"; };
		A097836B2C23166900DB3827 /* Card+CoreDataClass.swift */ = {isa = PBXFileReference; lastKnownFileType = sourcecode.swift; path = "Card+CoreDataClass.swift"; sourceTree = "<group>"; };
		A097836C2C23166900DB3827 /* Card+CoreDataProperties.swift */ = {isa = PBXFileReference; lastKnownFileType = sourcecode.swift; path = "Card+CoreDataProperties.swift"; sourceTree = "<group>"; };
		A0983B3F2BC45AFE009A3CCB /* SkeletonListRowView.swift */ = {isa = PBXFileReference; lastKnownFileType = sourcecode.swift; path = SkeletonListRowView.swift; sourceTree = "<group>"; };
		A0983B412BC559A0009A3CCB /* SettingsService.swift */ = {isa = PBXFileReference; lastKnownFileType = sourcecode.swift; path = SettingsService.swift; sourceTree = "<group>"; };
		A0983B442BC55A3E009A3CCB /* AspectRatio.swift */ = {isa = PBXFileReference; lastKnownFileType = sourcecode.swift; path = AspectRatio.swift; sourceTree = "<group>"; };
		A09C7D382BBC8EB500CBF01F /* TextToSpeechPlayView.swift */ = {isa = PBXFileReference; lastKnownFileType = sourcecode.swift; path = TextToSpeechPlayView.swift; sourceTree = "<group>"; };
		A09D81172C04BC8B00ADFF20 /* SetupCardViewModel.swift */ = {isa = PBXFileReference; lastKnownFileType = sourcecode.swift; path = SetupCardViewModel.swift; sourceTree = "<group>"; };
		A09D811D2C04BDD800ADFF20 /* GroupBoxStyleModifier.swift */ = {isa = PBXFileReference; lastKnownFileType = sourcecode.swift; path = GroupBoxStyleModifier.swift; sourceTree = "<group>"; };
		A09D81212C04E8DD00ADFF20 /* TextConstants.swift */ = {isa = PBXFileReference; lastKnownFileType = sourcecode.swift; path = TextConstants.swift; sourceTree = "<group>"; };
		A0AC3A012BA9AB4C006DA5DA /* CardStatus.swift */ = {isa = PBXFileReference; lastKnownFileType = sourcecode.swift; path = CardStatus.swift; sourceTree = "<group>"; };
		A0B21A612BF3CEF0008EAAD1 /* CardService.swift */ = {isa = PBXFileReference; lastKnownFileType = sourcecode.swift; path = CardService.swift; sourceTree = "<group>"; };
		A0B21A652BF3CFA5008EAAD1 /* StatDataService.swift */ = {isa = PBXFileReference; lastKnownFileType = sourcecode.swift; path = StatDataService.swift; sourceTree = "<group>"; };
		A0B21A692BF3D03E008EAAD1 /* ArhiveTagService.swift */ = {isa = PBXFileReference; lastKnownFileType = sourcecode.swift; path = ArhiveTagService.swift; sourceTree = "<group>"; };
		A0B21A6C2BF3D0A9008EAAD1 /* StatViewModel.swift */ = {isa = PBXFileReference; lastKnownFileType = sourcecode.swift; path = StatViewModel.swift; sourceTree = "<group>"; };
		A0B21A6F2BF4EC9F008EAAD1 /* ChartLinesView.swift */ = {isa = PBXFileReference; lastKnownFileType = sourcecode.swift; path = ChartLinesView.swift; sourceTree = "<group>"; };
		A0B21A712BF4ED09008EAAD1 /* ChartLineToggleView.swift */ = {isa = PBXFileReference; lastKnownFileType = sourcecode.swift; path = ChartLineToggleView.swift; sourceTree = "<group>"; };
		A0B21A732BF4ED34008EAAD1 /* PeriodPickerView.swift */ = {isa = PBXFileReference; lastKnownFileType = sourcecode.swift; path = PeriodPickerView.swift; sourceTree = "<group>"; };
		A0B21A752BF4ED80008EAAD1 /* ChartView.swift */ = {isa = PBXFileReference; lastKnownFileType = sourcecode.swift; path = ChartView.swift; sourceTree = "<group>"; };
		A0B21A7A2BF512E5008EAAD1 /* VoicePickerView.swift */ = {isa = PBXFileReference; lastKnownFileType = sourcecode.swift; path = VoicePickerView.swift; sourceTree = "<group>"; };
		A0B21A7C2BF51381008EAAD1 /* ImageSettingsView.swift */ = {isa = PBXFileReference; lastKnownFileType = sourcecode.swift; path = ImageSettingsView.swift; sourceTree = "<group>"; };
		A0B21A7F2BF514DC008EAAD1 /* SettingsViewModel.swift */ = {isa = PBXFileReference; lastKnownFileType = sourcecode.swift; path = SettingsViewModel.swift; sourceTree = "<group>"; };
		A0B21A812BF5173C008EAAD1 /* HighliterPaletteView.swift */ = {isa = PBXFileReference; lastKnownFileType = sourcecode.swift; path = HighliterPaletteView.swift; sourceTree = "<group>"; };
		A0B21A862BF524A6008EAAD1 /* CardSourceService.swift */ = {isa = PBXFileReference; lastKnownFileType = sourcecode.swift; path = CardSourceService.swift; sourceTree = "<group>"; };
		A0B21A8A2BF524FB008EAAD1 /* SourceViewModel.swift */ = {isa = PBXFileReference; lastKnownFileType = sourcecode.swift; path = SourceViewModel.swift; sourceTree = "<group>"; };
		A0B21AA72BFCFE1E008EAAD1 /* CardStackView.swift */ = {isa = PBXFileReference; lastKnownFileType = sourcecode.swift; path = CardStackView.swift; sourceTree = "<group>"; };
		A0B3515C2C29D75700FAD55E /* PasteButton.swift */ = {isa = PBXFileReference; lastKnownFileType = sourcecode.swift; path = PasteButton.swift; sourceTree = "<group>"; };
		A0B3515E2C2B4F4100FAD55E /* TextFieldWithFlipableButton.swift */ = {isa = PBXFileReference; lastKnownFileType = sourcecode.swift; path = TextFieldWithFlipableButton.swift; sourceTree = "<group>"; };
		A0B351652C2C7A2E00FAD55E /* DynamicHeightScrollView.swift */ = {isa = PBXFileReference; lastKnownFileType = sourcecode.swift; path = DynamicHeightScrollView.swift; sourceTree = "<group>"; };
		A0B351672C2DCDA300FAD55E /* String+Ext.swift */ = {isa = PBXFileReference; lastKnownFileType = sourcecode.swift; path = "String+Ext.swift"; sourceTree = "<group>"; };
		A0B351692C2DCDD300FAD55E /* Helpers.swift */ = {isa = PBXFileReference; lastKnownFileType = sourcecode.swift; path = Helpers.swift; sourceTree = "<group>"; };
		A0B3516B2C2DE2D100FAD55E /* NetworkMonitor.swift */ = {isa = PBXFileReference; lastKnownFileType = sourcecode.swift; path = NetworkMonitor.swift; sourceTree = "<group>"; };
		A0B3516E2C2F554500FAD55E /* NotificationsService.swift */ = {isa = PBXFileReference; lastKnownFileType = sourcecode.swift; path = NotificationsService.swift; sourceTree = "<group>"; };
		A0B8BB652C3DE329007C51BA /* TabView.swift */ = {isa = PBXFileReference; lastKnownFileType = sourcecode.swift; path = TabView.swift; sourceTree = "<group>"; };
		A0BC32992C1455650006BF39 /* FilterViewModel.swift */ = {isa = PBXFileReference; lastKnownFileType = sourcecode.swift; path = FilterViewModel.swift; sourceTree = "<group>"; };
		A0BC329D2C1462C20006BF39 /* CreationDateView.swift */ = {isa = PBXFileReference; lastKnownFileType = sourcecode.swift; path = CreationDateView.swift; sourceTree = "<group>"; };
		A0BC32A52C172F5E0006BF39 /* DictionaryResponse.swift */ = {isa = PBXFileReference; lastKnownFileType = sourcecode.swift; path = DictionaryResponse.swift; sourceTree = "<group>"; };
		A0BC32A92C1730AC0006BF39 /* NetworkService.swift */ = {isa = PBXFileReference; lastKnownFileType = sourcecode.swift; path = NetworkService.swift; sourceTree = "<group>"; };
		A0C3E25A2BBECF47006ADC91 /* SkeletonView.swift */ = {isa = PBXFileReference; lastKnownFileType = sourcecode.swift; path = SkeletonView.swift; sourceTree = "<group>"; };
		A0C3F9F82C29861C00E188B0 /* FilterService.swift */ = {isa = PBXFileReference; lastKnownFileType = sourcecode.swift; path = FilterService.swift; sourceTree = "<group>"; };
		A0D0910C2BCF149E00D8AED3 /* CardArchiveTag+Ext.swift */ = {isa = PBXFileReference; lastKnownFileType = sourcecode.swift; path = "CardArchiveTag+Ext.swift"; sourceTree = "<group>"; };
		A0D091122BCFEB4A00D8AED3 /* StatView.swift */ = {isa = PBXFileReference; lastKnownFileType = sourcecode.swift; path = StatView.swift; sourceTree = "<group>"; };
		A0D091142BCFEEDC00D8AED3 /* Spirals.sks */ = {isa = PBXFileReference; lastKnownFileType = file.sks; path = Spirals.sks; sourceTree = "<group>"; };
		A0D49F462BD29DC10083D0A5 /* ChartLine.swift */ = {isa = PBXFileReference; lastKnownFileType = sourcecode.swift; path = ChartLine.swift; sourceTree = "<group>"; };
		A0D678B02C1B542700CF5717 /* CropView.swift */ = {isa = PBXFileReference; lastKnownFileType = sourcecode.swift; path = CropView.swift; sourceTree = "<group>"; };
		A0F0B3C62C13ABC200776855 /* TagLayout.swift */ = {isa = PBXFileReference; lastKnownFileType = sourcecode.swift; path = TagLayout.swift; sourceTree = "<group>"; };
		A0F0B3CA2C1453E500776855 /* ListViewModel.swift */ = {isa = PBXFileReference; lastKnownFileType = sourcecode.swift; path = ListViewModel.swift; sourceTree = "<group>"; };
		A0F940622BC95C0B00424690 /* SourcesView.swift */ = {isa = PBXFileReference; lastKnownFileType = sourcecode.swift; path = SourcesView.swift; sourceTree = "<group>"; };
		A0F940702BC9D84F00424690 /* SourceListRowView.swift */ = {isa = PBXFileReference; lastKnownFileType = sourcecode.swift; path = SourceListRowView.swift; sourceTree = "<group>"; };
/* End PBXFileReference section */

/* Begin PBXFrameworksBuildPhase section */
		A01E18952BA3211000A03412 /* Frameworks */ = {
			isa = PBXFrameworksBuildPhase;
			buildActionMask = 2147483647;
			files = (
			);
			runOnlyForDeploymentPostprocessing = 0;
		};
/* End PBXFrameworksBuildPhase section */

/* Begin PBXGroup section */
		A00B66C42BE937E400F5CA7F /* Utills */ = {
			isa = PBXGroup;
			children = (
				A08723B52C20720F0000CB8C /* UI */,
				A0BC32952C14550C0006BF39 /* Enums */,
				A0B21AA52BF66BB4008EAAD1 /* Helpers */,
				A00B66C82BE9499000F5CA7F /* MockData */,
				A00B66C52BE9388000F5CA7F /* Constants */,
			);
			path = Utills;
			sourceTree = "<group>";
		};
		A00B66C52BE9388000F5CA7F /* Constants */ = {
			isa = PBXGroup;
			children = (
				A00B66C62BE9389500F5CA7F /* SizeConstants.swift */,
				A09D81212C04E8DD00ADFF20 /* TextConstants.swift */,
			);
			path = Constants;
			sourceTree = "<group>";
		};
		A00B66C82BE9499000F5CA7F /* MockData */ = {
			isa = PBXGroup;
			children = (
				A00B66C92BE949A500F5CA7F /* MockData.swift */,
			);
			path = MockData;
			sourceTree = "<group>";
		};
		A00B66CB2BEC04A400F5CA7F /* Views */ = {
			isa = PBXGroup;
			children = (
				A00B66CC2BEC04C300F5CA7F /* DummyCardStackView.swift */,
				A00B66CE2BEC051600F5CA7F /* DummyCardView.swift */,
			);
			path = Views;
			sourceTree = "<group>";
		};
		A00B66D22BEC075800F5CA7F /* DummyCards */ = {
			isa = PBXGroup;
			children = (
				A00B66D42BEC079500F5CA7F /* Model */,
				A00B66D62BEC07CA00F5CA7F /* Services */,
				A00B66D52BEC079C00F5CA7F /* ViewModel */,
				A00B66CB2BEC04A400F5CA7F /* Views */,
			);
			path = DummyCards;
			sourceTree = "<group>";
		};
		A00B66D42BEC079500F5CA7F /* Model */ = {
			isa = PBXGroup;
			children = (
				A00B66D92BEC080B00F5CA7F /* DummyCardModel.swift */,
				A00B66DB2BEC083E00F5CA7F /* DummyItem.swift */,
			);
			path = Model;
			sourceTree = "<group>";
		};
		A00B66D52BEC079C00F5CA7F /* ViewModel */ = {
			isa = PBXGroup;
			children = (
				A00B66D02BEC072400F5CA7F /* DummyCardsViewModel.swift */,
			);
			path = ViewModel;
			sourceTree = "<group>";
		};
		A00B66D62BEC07CA00F5CA7F /* Services */ = {
			isa = PBXGroup;
			children = (
				A00B66D72BEC07D800F5CA7F /* DummyCardService.swift */,
			);
			path = Services;
			sourceTree = "<group>";
		};
		A0143ACE2C062D4200AD7FBC /* TagCloud */ = {
			isa = PBXGroup;
			children = (
				A0143AD12C062D5900AD7FBC /* Model */,
				A0143ACF2C062D4B00AD7FBC /* View */,
				A0143AD02C062D5000AD7FBC /* ViewModel */,
			);
			path = TagCloud;
			sourceTree = "<group>";
		};
		A0143ACF2C062D4B00AD7FBC /* View */ = {
			isa = PBXGroup;
			children = (
				A023FEEF2BAA22ED00FAB13C /* SelectableTagView.swift */,
				A023FEED2BAA216800FAB13C /* TagCloudView.swift */,
				A0F0B3C62C13ABC200776855 /* TagLayout.swift */,
			);
			path = View;
			sourceTree = "<group>";
		};
		A0143AD02C062D5000AD7FBC /* ViewModel */ = {
			isa = PBXGroup;
			children = (
				A0143AD42C062DB900AD7FBC /* TagCloudViewModel.swift */,
			);
			path = ViewModel;
			sourceTree = "<group>";
		};
		A0143AD12C062D5900AD7FBC /* Model */ = {
			isa = PBXGroup;
			children = (
				A0143AD22C062D7700AD7FBC /* TagCloudItem.swift */,
			);
			path = Model;
			sourceTree = "<group>";
		};
		A0143AD62C062E7100AD7FBC /* TextToSpeech */ = {
			isa = PBXGroup;
			children = (
				A0143AD92C06300900AD7FBC /* Model */,
				A0143AD82C062E9400AD7FBC /* ViewModel */,
				A0143AD72C062E8F00AD7FBC /* View */,
			);
			path = TextToSpeech;
			sourceTree = "<group>";
		};
		A0143AD72C062E8F00AD7FBC /* View */ = {
			isa = PBXGroup;
			children = (
				A09C7D382BBC8EB500CBF01F /* TextToSpeechPlayView.swift */,
			);
			path = View;
			sourceTree = "<group>";
		};
		A0143AD82C062E9400AD7FBC /* ViewModel */ = {
			isa = PBXGroup;
			children = (
				A095816F2BC58F0F00CAA566 /* TextToSpeachViewModel.swift */,
			);
			path = ViewModel;
			sourceTree = "<group>";
		};
		A0143AD92C06300900AD7FBC /* Model */ = {
			isa = PBXGroup;
			children = (
				A05EFA1F2BBD80E9000460A3 /* Voice.swift */,
			);
			path = Model;
			sourceTree = "<group>";
		};
		A014EA782C40083600FDA248 /* OtherServices */ = {
			isa = PBXGroup;
			children = (
				A061615E2C37269D00D47CA8 /* AlertService.swift */,
				A0B3516E2C2F554500FAD55E /* NotificationsService.swift */,
				A0BC32A92C1730AC0006BF39 /* NetworkService.swift */,
				A0B3516B2C2DE2D100FAD55E /* NetworkMonitor.swift */,
				A014EA792C40086300FDA248 /* PhotoLibraryService.swift */,
			);
			path = OtherServices;
			sourceTree = "<group>";
		};
		A01E188F2BA3211000A03412 = {
			isa = PBXGroup;
			children = (
				A01E189A2BA3211000A03412 /* Quadra */,
			);
			sourceTree = "<group>";
		};
		A01E189A2BA3211000A03412 /* Quadra */ = {
			isa = PBXGroup;
			children = (
				A014EA782C40083600FDA248 /* OtherServices */,
				A0539AD92BC6BAF400158D05 /* Animation */,
				A0B21A672BF3D021008EAAD1 /* ArchiveTags */,
				A01E189F2BA3211300A03412 /* Assets.xcassets */,
				A0B21A5F2BF3CED6008EAAD1 /* Cards */,
				A0B21AA62BF66BEB008EAAD1 /* Data */,
				A00B66D22BEC075800F5CA7F /* DummyCards */,
				A01E18C02BA334E600A03412 /* Extensions */,
				A0751AD62BAC87CB00CF252C /* Info.plist */,
				A0F0B3C82C1453C500776855 /* List */,
				A0B21A8C2BF54E0A008EAAD1 /* Other */,
				A09D81192C04BCCB00ADFF20 /* PhotoPicker */,
				A01E18A12BA3211300A03412 /* Preview Content */,
				A01E18A62BA3211300A03412 /* Quadra.xcdatamodeld */,
				A01E189B2BA3211000A03412 /* QuadraApp.swift */,
				A0B21A772BF512A2008EAAD1 /* Settings */,
				A09D81142C04BC6200ADFF20 /* SetupCard */,
				A07B38AF2BC046C200943F0E /* Skeleton */,
				A0F940722BC9D89800424690 /* Sources */,
				A0B21A632BF3CF81008EAAD1 /* Stats */,
				A061615A2C37254400D47CA8 /* SupportingFiles */,
				A0143ACE2C062D4200AD7FBC /* TagCloud */,
				A0BC329F2C172C3C0006BF39 /* TestFeatures */,
				A0143AD62C062E7100AD7FBC /* TextToSpeech */,
				A00B66C42BE937E400F5CA7F /* Utills */,
				A023FEEC2BAA215600FAB13C /* View */,
			);
			path = Quadra;
			sourceTree = "<group>";
		};
		A01E18A12BA3211300A03412 /* Preview Content */ = {
			isa = PBXGroup;
			children = (
				A01E18A22BA3211300A03412 /* Preview Assets.xcassets */,
			);
			path = "Preview Content";
			sourceTree = "<group>";
		};
		A01E18C02BA334E600A03412 /* Extensions */ = {
			isa = PBXGroup;
			children = (
				A0B351672C2DCDA300FAD55E /* String+Ext.swift */,
				A059AFD02BA8A5D600CAE6E8 /* AnyShape+Ext.swift */,
				A07420A12BD8565C002B800F /* AttributedString+Ext.swift */,
				A01E18C12BA334F600A03412 /* Card+Ext.swift */,
				A0D0910C2BCF149E00D8AED3 /* CardArchiveTag+Ext.swift */,
				A01E18CD2BA7398200A03412 /* Color+Ext.swift */,
				A0751AE72BADBED500CF252C /* Date+Ext.swift */,
				A0751AD72BAC89F000CF252C /* Font+Ext.swift */,
				A059AFD22BA8BD2500CAE6E8 /* Image+Ext.swift */,
				A07420A52BD99257002B800F /* UIColor+Ext.swift */,
				A07420A32BD990F0002B800F /* UITextView+Ext.swift */,
				A01E18C72BA7179800A03412 /* View+Ext.swift */,
			);
			path = Extensions;
			sourceTree = "<group>";
		};
		A023FEEC2BAA215600FAB13C /* View */ = {
			isa = PBXGroup;
			children = (
				A01D2A792BB9D6DD00AE1790 /* InfoView.swift */,
				A07518F32BAC72A900CF252C /* Styles */,
				A090B1082C175F6000FA0966 /* CustomPopup.swift */,
			);
			path = View;
			sourceTree = "<group>";
		};
		A02542562BFFC3B6004B5FA1 /* CardHeaderView */ = {
			isa = PBXGroup;
			children = (
				A02542542BFFB08C004B5FA1 /* CardHeaderView.swift */,
				A02542592BFFC483004B5FA1 /* MoveToButton.swift */,
				A025425B2BFFC4A4004B5FA1 /* CardHeaderImageView.swift */,
			);
			path = CardHeaderView;
			sourceTree = "<group>";
		};
		A025425D2BFFC60A004B5FA1 /* Card */ = {
			isa = PBXGroup;
			children = (
				A08FF8062C039FAB0053116B /* AdditionalInfoView */,
				A02542562BFFC3B6004B5FA1 /* CardHeaderView */,
				A08825112C08FA85006458A1 /* CardView.swift */,
				A088250E2C07D794006458A1 /* FullImage */,
				A025425E2BFFC627004B5FA1 /* PhraseView */,
				A01E18CB2BA72BAB00A03412 /* SwipeableCardView.swift */,
			);
			path = Card;
			sourceTree = "<group>";
		};
		A025425E2BFFC627004B5FA1 /* PhraseView */ = {
			isa = PBXGroup;
			children = (
				A025425F2BFFC638004B5FA1 /* FlipablePhraseView.swift */,
				A088250F2C08ED35006458A1 /* PlayableTextView.swift */,
			);
			path = PhraseView;
			sourceTree = "<group>";
		};
		A0539AD92BC6BAF400158D05 /* Animation */ = {
			isa = PBXGroup;
			children = (
				A05DC6142BFE885B0096844D /* View */,
				A0539ACE2BC5D64300158D05 /* Assets.xcassets */,
				A0539AD32BC5D6B500158D05 /* Confetti.sks */,
				A0D091142BCFEEDC00D8AED3 /* Spirals.sks */,
			);
			path = Animation;
			sourceTree = "<group>";
		};
		A05DC6112BFE70400096844D /* ViewModel */ = {
			isa = PBXGroup;
			children = (
				A05DC6122BFE70570096844D /* CardsViewModel.swift */,
			);
			path = ViewModel;
			sourceTree = "<group>";
		};
		A05DC6142BFE885B0096844D /* View */ = {
			isa = PBXGroup;
			children = (
				A06749DE2BC7239800150D68 /* ConfettiView */,
			);
			path = View;
			sourceTree = "<group>";
		};
		A061615A2C37254400D47CA8 /* SupportingFiles */ = {
			isa = PBXGroup;
			children = (
				A06161602C38722500D47CA8 /* AppState.swift */,
				A06161582C3711AE00D47CA8 /* AppDelegate.swift */,
				A061615B2C37259800D47CA8 /* AppConfiguration.swift */,
			);
			path = SupportingFiles;
			sourceTree = "<group>";
		};
		A06749DE2BC7239800150D68 /* ConfettiView */ = {
			isa = PBXGroup;
			children = (
				A06749DF2BC723AF00150D68 /* ParticleScene.swift */,
				A0539AD52BC6AC1200158D05 /* ConfettiView.swift */,
			);
			path = ConfettiView;
			sourceTree = "<group>";
		};
		A07518F32BAC72A900CF252C /* Styles */ = {
			isa = PBXGroup;
			children = (
				A09D811D2C04BDD800ADFF20 /* GroupBoxStyleModifier.swift */,
				A03E93732BAA175400B6E381 /* NeuButtonStyle.swift */,
				A023FEF12BAB0EA400FAB13C /* NeuTextFIeldStyle.swift */,
				A01E18C92BA71C4700A03412 /* TransparentButtonStyle.swift */,
			);
			path = Styles;
			sourceTree = "<group>";
		};
		A07B38AF2BC046C200943F0E /* Skeleton */ = {
			isa = PBXGroup;
			children = (
				A0B21A8E2BF667E0008EAAD1 /* View */,
			);
			path = Skeleton;
			sourceTree = "<group>";
		};
		A08723B52C20720F0000CB8C /* UI */ = {
			isa = PBXGroup;
			children = (
				A0B351602C2B4F9F00FAD55E /* Buttons */,
				A08723B62C2072250000CB8C /* Popup.swift */,
				A0B351642C2C7A1B00FAD55E /* ScrollViews */,
				A0B351612C2B4FBB00FAD55E /* TextViews */,
				A0B8BB642C3DE318007C51BA /* Views */,
			);
			path = UI;
			sourceTree = "<group>";
		};
		A088250E2C07D794006458A1 /* FullImage */ = {
			isa = PBXGroup;
			children = (
				A095816B2BC570CA00CAA566 /* FullImageView.swift */,
			);
			path = FullImage;
			sourceTree = "<group>";
		};
		A08FF8062C039FAB0053116B /* AdditionalInfoView */ = {
			isa = PBXGroup;
			children = (
				A08FF8072C039FC60053116B /* AdditionalnfoView.swift */,
				A08FF8092C03CFF20053116B /* StyledText.swift */,
			);
			path = AdditionalInfoView;
			sourceTree = "<group>";
		};
		A090B10A2C17621200FA0966 /* View */ = {
			isa = PBXGroup;
			children = (
				A090B10B2C17621C00FA0966 /* SamplePhrasesView.swift */,
			);
			path = View;
			sourceTree = "<group>";
		};
		A090B10D2C17628C00FA0966 /* ViewModel */ = {
			isa = PBXGroup;
			children = (
				A090B10E2C1762A300FA0966 /* SamplePhrasesViewModel.swift */,
			);
			path = ViewModel;
			sourceTree = "<group>";
		};
		A090B1102C1770F300FA0966 /* RandomData */ = {
			isa = PBXGroup;
			children = (
				A090B1112C17711C00FA0966 /* RandomDataService.swift */,
			);
			path = RandomData;
			sourceTree = "<group>";
		};
		A09D81142C04BC6200ADFF20 /* SetupCard */ = {
			isa = PBXGroup;
			children = (
				A09D81162C04BC7100ADFF20 /* ViewModel */,
				A09D81152C04BC6900ADFF20 /* View */,
			);
			path = SetupCard;
			sourceTree = "<group>";
		};
		A09D81152C04BC6900ADFF20 /* View */ = {
			isa = PBXGroup;
			children = (
				A088250C2C078927006458A1 /* AddNewSourceView.swift */,
				A01E18EC2BA78DD000A03412 /* SetupCardView.swift */,
			);
			path = View;
			sourceTree = "<group>";
		};
		A09D81162C04BC7100ADFF20 /* ViewModel */ = {
			isa = PBXGroup;
			children = (
				A09D81172C04BC8B00ADFF20 /* SetupCardViewModel.swift */,
			);
			path = ViewModel;
			sourceTree = "<group>";
		};
		A09D81192C04BCCB00ADFF20 /* PhotoPicker */ = {
			isa = PBXGroup;
			children = (
				A09D811A2C04BCE000ADFF20 /* View */,
			);
			path = PhotoPicker;
			sourceTree = "<group>";
		};
		A09D811A2C04BCE000ADFF20 /* View */ = {
			isa = PBXGroup;
			children = (
				A023FEF52BAB12E500FAB13C /* PhotoPickerView.swift */,
				A0D678B02C1B542700CF5717 /* CropView.swift */,
			);
			path = View;
			sourceTree = "<group>";
		};
		A0B21A5F2BF3CED6008EAAD1 /* Cards */ = {
			isa = PBXGroup;
			children = (
				A05DC6112BFE70400096844D /* ViewModel */,
				A0B21AA02BF66B3B008EAAD1 /* Model */,
				A0B21A8F2BF66974008EAAD1 /* View */,
				A0B21A602BF3CEE1008EAAD1 /* Services */,
			);
			path = Cards;
			sourceTree = "<group>";
		};
		A0B21A602BF3CEE1008EAAD1 /* Services */ = {
			isa = PBXGroup;
			children = (
				A0B21A612BF3CEF0008EAAD1 /* CardService.swift */,
			);
			path = Services;
			sourceTree = "<group>";
		};
		A0B21A632BF3CF81008EAAD1 /* Stats */ = {
			isa = PBXGroup;
			children = (
				A0B21AA32BF66B85008EAAD1 /* Model */,
				A0B21A6E2BF3D47B008EAAD1 /* View */,
				A0B21A6B2BF3D08D008EAAD1 /* ViewModel */,
				A0B21A642BF3CF91008EAAD1 /* Services */,
			);
			path = Stats;
			sourceTree = "<group>";
		};
		A0B21A642BF3CF91008EAAD1 /* Services */ = {
			isa = PBXGroup;
			children = (
				A0B21A652BF3CFA5008EAAD1 /* StatDataService.swift */,
			);
			path = Services;
			sourceTree = "<group>";
		};
		A0B21A672BF3D021008EAAD1 /* ArchiveTags */ = {
			isa = PBXGroup;
			children = (
				A0B21AA12BF66B4D008EAAD1 /* Model */,
				A0B21A682BF3D02B008EAAD1 /* Services */,
			);
			path = ArchiveTags;
			sourceTree = "<group>";
		};
		A0B21A682BF3D02B008EAAD1 /* Services */ = {
			isa = PBXGroup;
			children = (
				A0B21A692BF3D03E008EAAD1 /* ArhiveTagService.swift */,
			);
			path = Services;
			sourceTree = "<group>";
		};
		A0B21A6B2BF3D08D008EAAD1 /* ViewModel */ = {
			isa = PBXGroup;
			children = (
				A0B21A6C2BF3D0A9008EAAD1 /* StatViewModel.swift */,
			);
			path = ViewModel;
			sourceTree = "<group>";
		};
		A0B21A6E2BF3D47B008EAAD1 /* View */ = {
			isa = PBXGroup;
			children = (
				A0B21A6F2BF4EC9F008EAAD1 /* ChartLinesView.swift */,
				A0B21A712BF4ED09008EAAD1 /* ChartLineToggleView.swift */,
				A0B21A752BF4ED80008EAAD1 /* ChartView.swift */,
				A0B21A732BF4ED34008EAAD1 /* PeriodPickerView.swift */,
				A0D091122BCFEB4A00D8AED3 /* StatView.swift */,
				A00B66DE2BEC0B2B00F5CA7F /* StatEmptyView.swift */,
			);
			path = View;
			sourceTree = "<group>";
		};
		A0B21A772BF512A2008EAAD1 /* Settings */ = {
			isa = PBXGroup;
			children = (
				A0B21AA42BF66B9B008EAAD1 /* Model */,
				A0B21A7E2BF514BB008EAAD1 /* ViewModel */,
				A0B21A782BF512B2008EAAD1 /* View */,
			);
			path = Settings;
			sourceTree = "<group>";
		};
		A0B21A782BF512B2008EAAD1 /* View */ = {
			isa = PBXGroup;
			children = (
				A05EFA1D2BBD809F000460A3 /* SettingsView.swift */,
				A0B21A7A2BF512E5008EAAD1 /* VoicePickerView.swift */,
				A0B21A7C2BF51381008EAAD1 /* ImageSettingsView.swift */,
				A0B21A812BF5173C008EAAD1 /* HighliterPaletteView.swift */,
				A06161622C387D7A00D47CA8 /* NotificationsView.swift */,
			);
			path = View;
			sourceTree = "<group>";
		};
		A0B21A7E2BF514BB008EAAD1 /* ViewModel */ = {
			isa = PBXGroup;
			children = (
				A0B21A7F2BF514DC008EAAD1 /* SettingsViewModel.swift */,
			);
			path = ViewModel;
			sourceTree = "<group>";
		};
		A0B21A832BF5247F008EAAD1 /* View */ = {
			isa = PBXGroup;
			children = (
				A0F940622BC95C0B00424690 /* SourcesView.swift */,
				A0F940702BC9D84F00424690 /* SourceListRowView.swift */,
			);
			path = View;
			sourceTree = "<group>";
		};
		A0B21A842BF52485008EAAD1 /* ViewModel */ = {
			isa = PBXGroup;
			children = (
				A0B21A8A2BF524FB008EAAD1 /* SourceViewModel.swift */,
			);
			path = ViewModel;
			sourceTree = "<group>";
		};
		A0B21A852BF5248F008EAAD1 /* Services */ = {
			isa = PBXGroup;
			children = (
				A0B21A862BF524A6008EAAD1 /* CardSourceService.swift */,
			);
			path = Services;
			sourceTree = "<group>";
		};
		A0B21A8C2BF54E0A008EAAD1 /* Other */ = {
			isa = PBXGroup;
			children = (
				A0B21A8D2BF54E26008EAAD1 /* View */,
			);
			path = Other;
			sourceTree = "<group>";
		};
		A0B21A8D2BF54E26008EAAD1 /* View */ = {
			isa = PBXGroup;
			children = (
				A05EFA212BBDF122000460A3 /* OtherView.swift */,
			);
			path = View;
			sourceTree = "<group>";
		};
		A0B21A8E2BF667E0008EAAD1 /* View */ = {
			isa = PBXGroup;
			children = (
				A07B38AD2BC046A000943F0E /* SkeletonCardView.swift */,
				A0C3E25A2BBECF47006ADC91 /* SkeletonView.swift */,
				A0983B3F2BC45AFE009A3CCB /* SkeletonListRowView.swift */,
			);
			path = View;
			sourceTree = "<group>";
		};
		A0B21A8F2BF66974008EAAD1 /* View */ = {
			isa = PBXGroup;
			children = (
				A025425D2BFFC60A004B5FA1 /* Card */,
				A01E189D2BA3211000A03412 /* ContentView.swift */,
				A0B21AA72BFCFE1E008EAAD1 /* CardStackView.swift */,
			);
			path = View;
			sourceTree = "<group>";
		};
		A0B21AA02BF66B3B008EAAD1 /* Model */ = {
			isa = PBXGroup;
			children = (
				A097836B2C23166900DB3827 /* Card+CoreDataClass.swift */,
				A097836C2C23166900DB3827 /* Card+CoreDataProperties.swift */,
				A05DC60F2BFE22770096844D /* CardModel.swift */,
			);
			path = Model;
			sourceTree = "<group>";
		};
		A0B21AA12BF66B4D008EAAD1 /* Model */ = {
			isa = PBXGroup;
			children = (
				A09783652C23166900DB3827 /* CardArchiveTag+CoreDataClass.swift */,
				A09783662C23166900DB3827 /* CardArchiveTag+CoreDataProperties.swift */,
			);
			path = Model;
			sourceTree = "<group>";
		};
		A0B21AA22BF66B6F008EAAD1 /* Model */ = {
			isa = PBXGroup;
			children = (
				A09783672C23166900DB3827 /* CardSource+CoreDataClass.swift */,
				A09783682C23166900DB3827 /* CardSource+CoreDataProperties.swift */,
			);
			path = Model;
			sourceTree = "<group>";
		};
		A0B21AA32BF66B85008EAAD1 /* Model */ = {
			isa = PBXGroup;
			children = (
				A09783692C23166900DB3827 /* StatData+CoreDataClass.swift */,
				A097836A2C23166900DB3827 /* StatData+CoreDataProperties.swift */,
			);
			path = Model;
			sourceTree = "<group>";
		};
		A0B21AA42BF66B9B008EAAD1 /* Model */ = {
			isa = PBXGroup;
			children = (
				A0983B412BC559A0009A3CCB /* SettingsService.swift */,
			);
			path = Model;
			sourceTree = "<group>";
		};
		A0B21AA52BF66BB4008EAAD1 /* Helpers */ = {
			isa = PBXGroup;
			children = (
				A05EFA1B2BBD7D2D000460A3 /* UserDefaultsManager.swift */,
				A0B351692C2DCDD300FAD55E /* Helpers.swift */,
			);
			path = Helpers;
			sourceTree = "<group>";
		};
		A0B21AA62BF66BEB008EAAD1 /* Data */ = {
			isa = PBXGroup;
			children = (
				A01E18A42BA3211300A03412 /* DataController.swift */,
			);
			path = Data;
			sourceTree = "<group>";
		};
		A0B351602C2B4F9F00FAD55E /* Buttons */ = {
			isa = PBXGroup;
			children = (
				A023FEF32BAB114B00FAB13C /* AlignableTransparentButton.swift */,
				A08723B82C20838B0000CB8C /* CopyButton.swift */,
				A0B3515C2C29D75700FAD55E /* PasteButton.swift */,
			);
			path = Buttons;
			sourceTree = "<group>";
		};
		A0B351612C2B4FBB00FAD55E /* TextViews */ = {
			isa = PBXGroup;
			children = (
				A0901B4E2BD687EB00B9713D /* HighlightableTextView.swift */,
				A0B3515E2C2B4F4100FAD55E /* TextFieldWithFlipableButton.swift */,
			);
			path = TextViews;
			sourceTree = "<group>";
		};
		A0B351642C2C7A1B00FAD55E /* ScrollViews */ = {
			isa = PBXGroup;
			children = (
				A0B351652C2C7A2E00FAD55E /* DynamicHeightScrollView.swift */,
			);
			path = ScrollViews;
			sourceTree = "<group>";
		};
		A0B8BB642C3DE318007C51BA /* Views */ = {
			isa = PBXGroup;
			children = (
				A0B8BB652C3DE329007C51BA /* TabView.swift */,
			);
			path = Views;
			sourceTree = "<group>";
		};
		A0BC32952C14550C0006BF39 /* Enums */ = {
			isa = PBXGroup;
			children = (
				A0AC3A012BA9AB4C006DA5DA /* CardStatus.swift */,
				A0983B442BC55A3E009A3CCB /* AspectRatio.swift */,
				A0D49F462BD29DC10083D0A5 /* ChartLine.swift */,
				A07420A72BD9A5A1002B800F /* HighlighterPalette.swift */,
				A09581722BC5ADD400CAA566 /* ImageScale.swift */,
				A01BCECC2BD0655C00C35EA6 /* Period.swift */,
			);
			path = Enums;
			sourceTree = "<group>";
		};
		A0BC32972C1455410006BF39 /* Filter */ = {
			isa = PBXGroup;
			children = (
				A01D2A752BB4C78800AE1790 /* FilterView.swift */,
				A0BC329D2C1462C20006BF39 /* CreationDateView.swift */,
			);
			path = Filter;
			sourceTree = "<group>";
		};
		A0BC329F2C172C3C0006BF39 /* TestFeatures */ = {
			isa = PBXGroup;
			children = (
				A090B1102C1770F300FA0966 /* RandomData */,
				A0BC32A32C172F420006BF39 /* SampleSentences */,
			);
			path = TestFeatures;
			sourceTree = "<group>";
		};
		A0BC32A32C172F420006BF39 /* SampleSentences */ = {
			isa = PBXGroup;
			children = (
				A090B10D2C17628C00FA0966 /* ViewModel */,
				A090B10A2C17621200FA0966 /* View */,
				A0BC32A42C172F4C0006BF39 /* Model */,
			);
			path = SampleSentences;
			sourceTree = "<group>";
		};
		A0BC32A42C172F4C0006BF39 /* Model */ = {
			isa = PBXGroup;
			children = (
				A0BC32A52C172F5E0006BF39 /* DictionaryResponse.swift */,
			);
			path = Model;
			sourceTree = "<group>";
		};
		A0C3F9F72C2985ED00E188B0 /* Services */ = {
			isa = PBXGroup;
			children = (
				A0C3F9F82C29861C00E188B0 /* FilterService.swift */,
			);
			path = Services;
			sourceTree = "<group>";
		};
		A0F0B3C82C1453C500776855 /* List */ = {
			isa = PBXGroup;
			children = (
				A0C3F9F72C2985ED00E188B0 /* Services */,
				A0F0B3CF2C14544000776855 /* View */,
				A0F0B3CC2C14540900776855 /* Model */,
				A0F0B3C92C1453D200776855 /* ViewModel */,
			);
			path = List;
			sourceTree = "<group>";
		};
		A0F0B3C92C1453D200776855 /* ViewModel */ = {
			isa = PBXGroup;
			children = (
				A0BC32992C1455650006BF39 /* FilterViewModel.swift */,
				A0F0B3CA2C1453E500776855 /* ListViewModel.swift */,
			);
			path = ViewModel;
			sourceTree = "<group>";
		};
		A0F0B3CC2C14540900776855 /* Model */ = {
			isa = PBXGroup;
			children = (
			);
			path = Model;
			sourceTree = "<group>";
		};
		A0F0B3CF2C14544000776855 /* View */ = {
			isa = PBXGroup;
			children = (
				A0BC32972C1455410006BF39 /* Filter */,
				A01E18BC2BA32F9E00A03412 /* ListView.swift */,
				A01D2A732BB4C4CA00AE1790 /* ListRowView.swift */,
			);
			path = View;
			sourceTree = "<group>";
		};
		A0F940722BC9D89800424690 /* Sources */ = {
			isa = PBXGroup;
			children = (
				A0B21AA22BF66B6F008EAAD1 /* Model */,
				A0B21A852BF5248F008EAAD1 /* Services */,
				A0B21A842BF52485008EAAD1 /* ViewModel */,
				A0B21A832BF5247F008EAAD1 /* View */,
			);
			path = Sources;
			sourceTree = "<group>";
		};
/* End PBXGroup section */

/* Begin PBXNativeTarget section */
		A01E18972BA3211000A03412 /* Quadra */ = {
			isa = PBXNativeTarget;
			buildConfigurationList = A01E18AB2BA3211300A03412 /* Build configuration list for PBXNativeTarget "Quadra" */;
			buildPhases = (
				A01E18942BA3211000A03412 /* Sources */,
				A01E18952BA3211000A03412 /* Frameworks */,
				A01E18962BA3211000A03412 /* Resources */,
			);
			buildRules = (
			);
			dependencies = (
			);
			name = Quadra;
			productName = Quadra;
			productReference = A01E18982BA3211000A03412 /* Quadra.app */;
			productType = "com.apple.product-type.application";
		};
/* End PBXNativeTarget section */

/* Begin PBXProject section */
		A01E18902BA3211000A03412 /* Project object */ = {
			isa = PBXProject;
			attributes = {
				BuildIndependentTargetsInParallel = 1;
				LastSwiftUpdateCheck = 1510;
				LastUpgradeCheck = 1510;
				TargetAttributes = {
					A01E18972BA3211000A03412 = {
						CreatedOnToolsVersion = 15.1;
					};
				};
			};
			buildConfigurationList = A01E18932BA3211000A03412 /* Build configuration list for PBXProject "Quadra" */;
			compatibilityVersion = "Xcode 14.0";
			developmentRegion = en;
			hasScannedForEncodings = 0;
			knownRegions = (
				en,
				Base,
			);
			mainGroup = A01E188F2BA3211000A03412;
			packageReferences = (
			);
			productRefGroup = A01E188F2BA3211000A03412;
			projectDirPath = "";
			projectRoot = "";
			targets = (
				A01E18972BA3211000A03412 /* Quadra */,
			);
		};
/* End PBXProject section */

/* Begin PBXResourcesBuildPhase section */
		A01E18962BA3211000A03412 /* Resources */ = {
			isa = PBXResourcesBuildPhase;
			buildActionMask = 2147483647;
			files = (
				A01E18A32BA3211300A03412 /* Preview Assets.xcassets in Resources */,
				A0539AD02BC5D64300158D05 /* Assets.xcassets in Resources */,
				A01E18A02BA3211300A03412 /* Assets.xcassets in Resources */,
				A0539AD42BC5D6B500158D05 /* Confetti.sks in Resources */,
				A0D091152BCFEEDC00D8AED3 /* Spirals.sks in Resources */,
			);
			runOnlyForDeploymentPostprocessing = 0;
		};
/* End PBXResourcesBuildPhase section */

/* Begin PBXSourcesBuildPhase section */
		A01E18942BA3211000A03412 /* Sources */ = {
			isa = PBXSourcesBuildPhase;
			buildActionMask = 2147483647;
			files = (
				A09581702BC58F0F00CAA566 /* TextToSpeachViewModel.swift in Sources */,
				A090B10C2C17621C00FA0966 /* SamplePhrasesView.swift in Sources */,
				A00B66C72BE9389500F5CA7F /* SizeConstants.swift in Sources */,
				A0983B422BC559A0009A3CCB /* SettingsService.swift in Sources */,
				A09783702C23166900DB3827 /* CardSource+CoreDataProperties.swift in Sources */,
				A01E18A52BA3211300A03412 /* DataController.swift in Sources */,
				A090B10F2C1762A300FA0966 /* SamplePhrasesViewModel.swift in Sources */,
				A01E18C82BA7179800A03412 /* View+Ext.swift in Sources */,
				A095816C2BC570CA00CAA566 /* FullImageView.swift in Sources */,
				A0751AE82BADBED500CF252C /* Date+Ext.swift in Sources */,
				A07420A82BD9A5A1002B800F /* HighlighterPalette.swift in Sources */,
				A0901B4F2BD687EB00B9713D /* HighlightableTextView.swift in Sources */,
				A023FEEE2BAA216800FAB13C /* TagCloudView.swift in Sources */,
				A0B21A7B2BF512E5008EAAD1 /* VoicePickerView.swift in Sources */,
				A03E93742BAA175400B6E381 /* NeuButtonStyle.swift in Sources */,
				A05EFA1C2BBD7D2D000460A3 /* UserDefaultsManager.swift in Sources */,
				A097836E2C23166900DB3827 /* CardArchiveTag+CoreDataProperties.swift in Sources */,
				A023FEF02BAA22ED00FAB13C /* SelectableTagView.swift in Sources */,
				A0C3F9F92C29861C00E188B0 /* FilterService.swift in Sources */,
				A0F940712BC9D84F00424690 /* SourceListRowView.swift in Sources */,
				A0B3515D2C29D75700FAD55E /* PasteButton.swift in Sources */,
				A0B21A8B2BF524FB008EAAD1 /* SourceViewModel.swift in Sources */,
				A014EA7A2C40086300FDA248 /* PhotoLibraryService.swift in Sources */,
				A05EFA222BBDF122000460A3 /* OtherView.swift in Sources */,
				A01D2A742BB4C4CA00AE1790 /* ListRowView.swift in Sources */,
				A0B3515F2C2B4F4100FAD55E /* TextFieldWithFlipableButton.swift in Sources */,
				A07B38AE2BC046A000943F0E /* SkeletonCardView.swift in Sources */,
				A0B351662C2C7A2E00FAD55E /* DynamicHeightScrollView.swift in Sources */,
				A01E18A82BA3211300A03412 /* Quadra.xcdatamodeld in Sources */,
				A097836F2C23166900DB3827 /* CardSource+CoreDataClass.swift in Sources */,
				A0BC329E2C1462C20006BF39 /* CreationDateView.swift in Sources */,
				A01D2A762BB4C78800AE1790 /* FilterView.swift in Sources */,
				A01E18ED2BA78DD000A03412 /* SetupCardView.swift in Sources */,
				A0B21A662BF3CFA5008EAAD1 /* StatDataService.swift in Sources */,
				A088250D2C078927006458A1 /* AddNewSourceView.swift in Sources */,
				A0D0910D2BCF149E00D8AED3 /* CardArchiveTag+Ext.swift in Sources */,
				A025425C2BFFC4A4004B5FA1 /* CardHeaderImageView.swift in Sources */,
				A0B21A622BF3CEF0008EAAD1 /* CardService.swift in Sources */,
				A08723B72C2072250000CB8C /* Popup.swift in Sources */,
				A0B21A742BF4ED34008EAAD1 /* PeriodPickerView.swift in Sources */,
				A08FF80A2C03CFF20053116B /* StyledText.swift in Sources */,
				A0143AD52C062DB900AD7FBC /* TagCloudViewModel.swift in Sources */,
				A01E18BD2BA32F9E00A03412 /* ListView.swift in Sources */,
				A01E18CA2BA71C4700A03412 /* TransparentButtonStyle.swift in Sources */,
				A02542602BFFC638004B5FA1 /* FlipablePhraseView.swift in Sources */,
				A06161592C3711AE00D47CA8 /* AppDelegate.swift in Sources */,
				A05DC6132BFE70570096844D /* CardsViewModel.swift in Sources */,
				A061615F2C3726A500D47CA8 /* AlertService.swift in Sources */,
				A09783712C23166900DB3827 /* StatData+CoreDataClass.swift in Sources */,
				A090B1092C175F6000FA0966 /* CustomPopup.swift in Sources */,
				A0983B402BC45AFE009A3CCB /* SkeletonListRowView.swift in Sources */,
				A0C3E25B2BBECF47006ADC91 /* SkeletonView.swift in Sources */,
				A090B1122C17711C00FA0966 /* RandomDataService.swift in Sources */,
				A0D49F472BD29DC10083D0A5 /* ChartLine.swift in Sources */,
				A01E18CC2BA72BAB00A03412 /* SwipeableCardView.swift in Sources */,
				A00B66CF2BEC051600F5CA7F /* DummyCardView.swift in Sources */,
				A0B3516A2C2DCDD300FAD55E /* Helpers.swift in Sources */,
				A0B21A702BF4EC9F008EAAD1 /* ChartLinesView.swift in Sources */,
				A0F0B3CB2C1453E500776855 /* ListViewModel.swift in Sources */,
				A0BC329A2C1455650006BF39 /* FilterViewModel.swift in Sources */,
				A00B66CD2BEC04C300F5CA7F /* DummyCardStackView.swift in Sources */,
				A06749E02BC723AF00150D68 /* ParticleScene.swift in Sources */,
				A05EFA1E2BBD809F000460A3 /* SettingsView.swift in Sources */,
				A0F940632BC95C0B00424690 /* SourcesView.swift in Sources */,
				A09C7D392BBC8EB500CBF01F /* TextToSpeechPlayView.swift in Sources */,
				A097836D2C23166900DB3827 /* CardArchiveTag+CoreDataClass.swift in Sources */,
				A07420A62BD99257002B800F /* UIColor+Ext.swift in Sources */,
				A06161632C387D7A00D47CA8 /* NotificationsView.swift in Sources */,
				A00B66DF2BEC0B2B00F5CA7F /* StatEmptyView.swift in Sources */,
				A07420A42BD990F0002B800F /* UITextView+Ext.swift in Sources */,
				A059AFD32BA8BD2500CAE6E8 /* Image+Ext.swift in Sources */,
				A01E189E2BA3211000A03412 /* ContentView.swift in Sources */,
				A01E18CE2BA7398200A03412 /* Color+Ext.swift in Sources */,
				A09783742C23166900DB3827 /* Card+CoreDataProperties.swift in Sources */,
				A09D81222C04E8DD00ADFF20 /* TextConstants.swift in Sources */,
				A0B21AA82BFCFE1E008EAAD1 /* CardStackView.swift in Sources */,
				A0B3516F2C2F554500FAD55E /* NotificationsService.swift in Sources */,
				A06161612C38722500D47CA8 /* AppState.swift in Sources */,
				A05DC6102BFE22770096844D /* CardModel.swift in Sources */,
				A0539AD62BC6AC1200158D05 /* ConfettiView.swift in Sources */,
				A00B66D82BEC07D800F5CA7F /* DummyCardService.swift in Sources */,
				A0983B452BC55A3E009A3CCB /* AspectRatio.swift in Sources */,
				A0B3516C2C2DE2D100FAD55E /* NetworkMonitor.swift in Sources */,
				A023FEF62BAB12E500FAB13C /* PhotoPickerView.swift in Sources */,
				A0143AD32C062D7700AD7FBC /* TagCloudItem.swift in Sources */,
				A0BC32AA2C1730AC0006BF39 /* NetworkService.swift in Sources */,
				A09783732C23166900DB3827 /* Card+CoreDataClass.swift in Sources */,
				A00B66DC2BEC083E00F5CA7F /* DummyItem.swift in Sources */,
				A0F0B3C72C13ABC200776855 /* TagLayout.swift in Sources */,
				A0B8BB662C3DE329007C51BA /* TabView.swift in Sources */,
				A0B351682C2DCDAD00FAD55E /* String+Ext.swift in Sources */,
				A08825102C08ED35006458A1 /* PlayableTextView.swift in Sources */,
				A00B66DA2BEC080B00F5CA7F /* DummyCardModel.swift in Sources */,
				A025425A2BFFC483004B5FA1 /* MoveToButton.swift in Sources */,
				A00B66CA2BE949A500F5CA7F /* MockData.swift in Sources */,
				A023FEF42BAB114B00FAB13C /* AlignableTransparentButton.swift in Sources */,
				A08FF8082C039FC60053116B /* AdditionalnfoView.swift in Sources */,
				A0AC3A022BA9AB4C006DA5DA /* CardStatus.swift in Sources */,
				A09581732BC5ADD400CAA566 /* ImageScale.swift in Sources */,
				A0B21A722BF4ED09008EAAD1 /* ChartLineToggleView.swift in Sources */,
				A0D091132BCFEB4A00D8AED3 /* StatView.swift in Sources */,
				A07420A22BD8565C002B800F /* AttributedString+Ext.swift in Sources */,
				A05EFA202BBD80E9000460A3 /* Voice.swift in Sources */,
				A01D2A7A2BB9D6DD00AE1790 /* InfoView.swift in Sources */,
				A0BC32A62C172F5E0006BF39 /* DictionaryResponse.swift in Sources */,
				A08723B92C20838B0000CB8C /* CopyButton.swift in Sources */,
				A023FEF22BAB0EA400FAB13C /* NeuTextFIeldStyle.swift in Sources */,
				A0B21A6A2BF3D03E008EAAD1 /* ArhiveTagService.swift in Sources */,
				A09D81182C04BC8B00ADFF20 /* SetupCardViewModel.swift in Sources */,
				A02542552BFFB08C004B5FA1 /* CardHeaderView.swift in Sources */,
				A01E189C2BA3211000A03412 /* QuadraApp.swift in Sources */,
				A0751AD82BAC89F000CF252C /* Font+Ext.swift in Sources */,
				A059AFD12BA8A5D600CAE6E8 /* AnyShape+Ext.swift in Sources */,
				A061615C2C37259800D47CA8 /* AppConfiguration.swift in Sources */,
				A00B66D12BEC072400F5CA7F /* DummyCardsViewModel.swift in Sources */,
				A0B21A762BF4ED80008EAAD1 /* ChartView.swift in Sources */,
				A0B21A872BF524A6008EAAD1 /* CardSourceService.swift in Sources */,
				A0B21A7D2BF51381008EAAD1 /* ImageSettingsView.swift in Sources */,
				A01BCECD2BD0655C00C35EA6 /* Period.swift in Sources */,
				A08825122C08FA85006458A1 /* CardView.swift in Sources */,
				A01E18C22BA334F600A03412 /* Card+Ext.swift in Sources */,
				A09D811E2C04BDD800ADFF20 /* GroupBoxStyleModifier.swift in Sources */,
				A0B21A6D2BF3D0A9008EAAD1 /* StatViewModel.swift in Sources */,
				A014EA772C3F1C2E00FDA248 /* CropView.swift in Sources */,
				A09783722C23166900DB3827 /* StatData+CoreDataProperties.swift in Sources */,
				A0B21A802BF514DC008EAAD1 /* SettingsViewModel.swift in Sources */,
				A0B21A822BF5173C008EAAD1 /* HighliterPaletteView.swift in Sources */,
			);
			runOnlyForDeploymentPostprocessing = 0;
		};
/* End PBXSourcesBuildPhase section */

/* Begin XCBuildConfiguration section */
		A01E18A92BA3211300A03412 /* Debug */ = {
			isa = XCBuildConfiguration;
			buildSettings = {
				ALWAYS_SEARCH_USER_PATHS = NO;
				ASSETCATALOG_COMPILER_GENERATE_SWIFT_ASSET_SYMBOL_EXTENSIONS = YES;
				CLANG_ANALYZER_NONNULL = YES;
				CLANG_ANALYZER_NUMBER_OBJECT_CONVERSION = YES_AGGRESSIVE;
				CLANG_CXX_LANGUAGE_STANDARD = "gnu++20";
				CLANG_ENABLE_MODULES = YES;
				CLANG_ENABLE_OBJC_ARC = YES;
				CLANG_ENABLE_OBJC_WEAK = YES;
				CLANG_WARN_BLOCK_CAPTURE_AUTORELEASING = YES;
				CLANG_WARN_BOOL_CONVERSION = YES;
				CLANG_WARN_COMMA = YES;
				CLANG_WARN_CONSTANT_CONVERSION = YES;
				CLANG_WARN_DEPRECATED_OBJC_IMPLEMENTATIONS = YES;
				CLANG_WARN_DIRECT_OBJC_ISA_USAGE = YES_ERROR;
				CLANG_WARN_DOCUMENTATION_COMMENTS = YES;
				CLANG_WARN_EMPTY_BODY = YES;
				CLANG_WARN_ENUM_CONVERSION = YES;
				CLANG_WARN_INFINITE_RECURSION = YES;
				CLANG_WARN_INT_CONVERSION = YES;
				CLANG_WARN_NON_LITERAL_NULL_CONVERSION = YES;
				CLANG_WARN_OBJC_IMPLICIT_RETAIN_SELF = YES;
				CLANG_WARN_OBJC_LITERAL_CONVERSION = YES;
				CLANG_WARN_OBJC_ROOT_CLASS = YES_ERROR;
				CLANG_WARN_QUOTED_INCLUDE_IN_FRAMEWORK_HEADER = YES;
				CLANG_WARN_RANGE_LOOP_ANALYSIS = YES;
				CLANG_WARN_STRICT_PROTOTYPES = YES;
				CLANG_WARN_SUSPICIOUS_MOVE = YES;
				CLANG_WARN_UNGUARDED_AVAILABILITY = YES_AGGRESSIVE;
				CLANG_WARN_UNREACHABLE_CODE = YES;
				CLANG_WARN__DUPLICATE_METHOD_MATCH = YES;
				COPY_PHASE_STRIP = NO;
				DEBUG_INFORMATION_FORMAT = dwarf;
				ENABLE_STRICT_OBJC_MSGSEND = YES;
				ENABLE_TESTABILITY = YES;
				ENABLE_USER_SCRIPT_SANDBOXING = YES;
				GCC_C_LANGUAGE_STANDARD = gnu17;
				GCC_DYNAMIC_NO_PIC = NO;
				GCC_NO_COMMON_BLOCKS = YES;
				GCC_OPTIMIZATION_LEVEL = 0;
				GCC_PREPROCESSOR_DEFINITIONS = (
					"DEBUG=1",
					"$(inherited)",
				);
				GCC_WARN_64_TO_32_BIT_CONVERSION = YES;
				GCC_WARN_ABOUT_RETURN_TYPE = YES_ERROR;
				GCC_WARN_UNDECLARED_SELECTOR = YES;
				GCC_WARN_UNINITIALIZED_AUTOS = YES_AGGRESSIVE;
				GCC_WARN_UNUSED_FUNCTION = YES;
				GCC_WARN_UNUSED_VARIABLE = YES;
				IPHONEOS_DEPLOYMENT_TARGET = 17.0;
				LOCALIZATION_PREFERS_STRING_CATALOGS = YES;
				MTL_ENABLE_DEBUG_INFO = INCLUDE_SOURCE;
				MTL_FAST_MATH = YES;
				ONLY_ACTIVE_ARCH = YES;
				SDKROOT = iphoneos;
				SWIFT_ACTIVE_COMPILATION_CONDITIONS = "DEBUG $(inherited)";
				SWIFT_OPTIMIZATION_LEVEL = "-Onone";
			};
			name = Debug;
		};
		A01E18AA2BA3211300A03412 /* Release */ = {
			isa = XCBuildConfiguration;
			buildSettings = {
				ALWAYS_SEARCH_USER_PATHS = NO;
				ASSETCATALOG_COMPILER_GENERATE_SWIFT_ASSET_SYMBOL_EXTENSIONS = YES;
				CLANG_ANALYZER_NONNULL = YES;
				CLANG_ANALYZER_NUMBER_OBJECT_CONVERSION = YES_AGGRESSIVE;
				CLANG_CXX_LANGUAGE_STANDARD = "gnu++20";
				CLANG_ENABLE_MODULES = YES;
				CLANG_ENABLE_OBJC_ARC = YES;
				CLANG_ENABLE_OBJC_WEAK = YES;
				CLANG_WARN_BLOCK_CAPTURE_AUTORELEASING = YES;
				CLANG_WARN_BOOL_CONVERSION = YES;
				CLANG_WARN_COMMA = YES;
				CLANG_WARN_CONSTANT_CONVERSION = YES;
				CLANG_WARN_DEPRECATED_OBJC_IMPLEMENTATIONS = YES;
				CLANG_WARN_DIRECT_OBJC_ISA_USAGE = YES_ERROR;
				CLANG_WARN_DOCUMENTATION_COMMENTS = YES;
				CLANG_WARN_EMPTY_BODY = YES;
				CLANG_WARN_ENUM_CONVERSION = YES;
				CLANG_WARN_INFINITE_RECURSION = YES;
				CLANG_WARN_INT_CONVERSION = YES;
				CLANG_WARN_NON_LITERAL_NULL_CONVERSION = YES;
				CLANG_WARN_OBJC_IMPLICIT_RETAIN_SELF = YES;
				CLANG_WARN_OBJC_LITERAL_CONVERSION = YES;
				CLANG_WARN_OBJC_ROOT_CLASS = YES_ERROR;
				CLANG_WARN_QUOTED_INCLUDE_IN_FRAMEWORK_HEADER = YES;
				CLANG_WARN_RANGE_LOOP_ANALYSIS = YES;
				CLANG_WARN_STRICT_PROTOTYPES = YES;
				CLANG_WARN_SUSPICIOUS_MOVE = YES;
				CLANG_WARN_UNGUARDED_AVAILABILITY = YES_AGGRESSIVE;
				CLANG_WARN_UNREACHABLE_CODE = YES;
				CLANG_WARN__DUPLICATE_METHOD_MATCH = YES;
				COPY_PHASE_STRIP = NO;
				DEBUG_INFORMATION_FORMAT = "dwarf-with-dsym";
				ENABLE_NS_ASSERTIONS = NO;
				ENABLE_STRICT_OBJC_MSGSEND = YES;
				ENABLE_USER_SCRIPT_SANDBOXING = YES;
				GCC_C_LANGUAGE_STANDARD = gnu17;
				GCC_NO_COMMON_BLOCKS = YES;
				GCC_WARN_64_TO_32_BIT_CONVERSION = YES;
				GCC_WARN_ABOUT_RETURN_TYPE = YES_ERROR;
				GCC_WARN_UNDECLARED_SELECTOR = YES;
				GCC_WARN_UNINITIALIZED_AUTOS = YES_AGGRESSIVE;
				GCC_WARN_UNUSED_FUNCTION = YES;
				GCC_WARN_UNUSED_VARIABLE = YES;
				IPHONEOS_DEPLOYMENT_TARGET = 17.0;
				LOCALIZATION_PREFERS_STRING_CATALOGS = YES;
				MTL_ENABLE_DEBUG_INFO = NO;
				MTL_FAST_MATH = YES;
				SDKROOT = iphoneos;
				SWIFT_COMPILATION_MODE = wholemodule;
				VALIDATE_PRODUCT = YES;
			};
			name = Release;
		};
		A01E18AC2BA3211300A03412 /* Debug */ = {
			isa = XCBuildConfiguration;
			buildSettings = {
				ASSETCATALOG_COMPILER_APPICON_NAME = AppIcon;
				ASSETCATALOG_COMPILER_GLOBAL_ACCENT_COLOR_NAME = AccentColor;
				CODE_SIGN_STYLE = Automatic;
				CURRENT_PROJECT_VERSION = 1;
				DEVELOPMENT_ASSET_PATHS = "\"Quadra/Preview Content\"";
				DEVELOPMENT_TEAM = 965K7TW82R;
				ENABLE_PREVIEWS = YES;
				ENABLE_USER_SCRIPT_SANDBOXING = YES;
				GENERATE_INFOPLIST_FILE = YES;
				INFOPLIST_FILE = Quadra/Info.plist;
				INFOPLIST_KEY_LSApplicationCategoryType = "public.app-category.education";
				INFOPLIST_KEY_UIApplicationSceneManifest_Generation = YES;
				INFOPLIST_KEY_UIApplicationSupportsIndirectInputEvents = YES;
				INFOPLIST_KEY_UILaunchScreen_Generation = YES;
				INFOPLIST_KEY_UISupportedInterfaceOrientations_iPad = "UIInterfaceOrientationPortrait UIInterfaceOrientationPortraitUpsideDown UIInterfaceOrientationLandscapeLeft UIInterfaceOrientationLandscapeRight";
				INFOPLIST_KEY_UISupportedInterfaceOrientations_iPhone = "UIInterfaceOrientationPortrait UIInterfaceOrientationLandscapeLeft UIInterfaceOrientationLandscapeRight";
				LD_RUNPATH_SEARCH_PATHS = (
					"$(inherited)",
					"@executable_path/Frameworks",
				);
				MARKETING_VERSION = 1.0;
				PRODUCT_BUNDLE_IDENTIFIER = com.balashenko.Quadra;
				PRODUCT_NAME = "$(TARGET_NAME)";
				SUPPORTED_PLATFORMS = "iphoneos iphonesimulator";
				SUPPORTS_MACCATALYST = NO;
				SUPPORTS_MAC_DESIGNED_FOR_IPHONE_IPAD = NO;
				SUPPORTS_XR_DESIGNED_FOR_IPHONE_IPAD = NO;
				SWIFT_EMIT_LOC_STRINGS = YES;
				SWIFT_VERSION = 5.0;
				TARGETED_DEVICE_FAMILY = 1;
			};
			name = Debug;
		};
		A01E18AD2BA3211300A03412 /* Release */ = {
			isa = XCBuildConfiguration;
			buildSettings = {
				ASSETCATALOG_COMPILER_APPICON_NAME = AppIcon;
				ASSETCATALOG_COMPILER_GLOBAL_ACCENT_COLOR_NAME = AccentColor;
				CODE_SIGN_STYLE = Automatic;
				CURRENT_PROJECT_VERSION = 1;
				DEVELOPMENT_ASSET_PATHS = "\"Quadra/Preview Content\"";
				DEVELOPMENT_TEAM = 965K7TW82R;
				ENABLE_PREVIEWS = YES;
				ENABLE_USER_SCRIPT_SANDBOXING = YES;
				GENERATE_INFOPLIST_FILE = YES;
				INFOPLIST_FILE = Quadra/Info.plist;
				INFOPLIST_KEY_LSApplicationCategoryType = "public.app-category.education";
				INFOPLIST_KEY_UIApplicationSceneManifest_Generation = YES;
				INFOPLIST_KEY_UIApplicationSupportsIndirectInputEvents = YES;
				INFOPLIST_KEY_UILaunchScreen_Generation = YES;
				INFOPLIST_KEY_UISupportedInterfaceOrientations_iPad = "UIInterfaceOrientationPortrait UIInterfaceOrientationPortraitUpsideDown UIInterfaceOrientationLandscapeLeft UIInterfaceOrientationLandscapeRight";
				INFOPLIST_KEY_UISupportedInterfaceOrientations_iPhone = "UIInterfaceOrientationPortrait UIInterfaceOrientationLandscapeLeft UIInterfaceOrientationLandscapeRight";
				LD_RUNPATH_SEARCH_PATHS = (
					"$(inherited)",
					"@executable_path/Frameworks",
				);
				MARKETING_VERSION = 1.0;
				PRODUCT_BUNDLE_IDENTIFIER = com.balashenko.Quadra;
				PRODUCT_NAME = "$(TARGET_NAME)";
				SUPPORTED_PLATFORMS = "iphoneos iphonesimulator";
				SUPPORTS_MACCATALYST = NO;
				SUPPORTS_MAC_DESIGNED_FOR_IPHONE_IPAD = NO;
				SUPPORTS_XR_DESIGNED_FOR_IPHONE_IPAD = NO;
				SWIFT_EMIT_LOC_STRINGS = YES;
				SWIFT_VERSION = 5.0;
				TARGETED_DEVICE_FAMILY = 1;
			};
			name = Release;
		};
/* End XCBuildConfiguration section */

/* Begin XCConfigurationList section */
		A01E18932BA3211000A03412 /* Build configuration list for PBXProject "Quadra" */ = {
			isa = XCConfigurationList;
			buildConfigurations = (
				A01E18A92BA3211300A03412 /* Debug */,
				A01E18AA2BA3211300A03412 /* Release */,
			);
			defaultConfigurationIsVisible = 0;
			defaultConfigurationName = Release;
		};
		A01E18AB2BA3211300A03412 /* Build configuration list for PBXNativeTarget "Quadra" */ = {
			isa = XCConfigurationList;
			buildConfigurations = (
				A01E18AC2BA3211300A03412 /* Debug */,
				A01E18AD2BA3211300A03412 /* Release */,
			);
			defaultConfigurationIsVisible = 0;
			defaultConfigurationName = Release;
		};
/* End XCConfigurationList section */

/* Begin XCVersionGroup section */
		A01E18A62BA3211300A03412 /* Quadra.xcdatamodeld */ = {
			isa = XCVersionGroup;
			children = (
				A01E18A72BA3211300A03412 /* Quadra.xcdatamodel */,
			);
			currentVersion = A01E18A72BA3211300A03412 /* Quadra.xcdatamodel */;
			path = Quadra.xcdatamodeld;
			sourceTree = "<group>";
			versionGroupType = wrapper.xcdatamodel;
		};
/* End XCVersionGroup section */
	};
	rootObject = A01E18902BA3211000A03412 /* Project object */;
}
